// !$*UTF8*$!
{
	archiveVersion = 1;
	classes = {
	};
	objectVersion = 55;
	objects = {

/* Begin PBXBuildFile section */
		22891AC52C5B5F5F00DE33E6 /* AuthService.swift in Sources */ = {isa = PBXBuildFile; fileRef = 22891AC42C5B5F5F00DE33E6 /* AuthService.swift */; };
		22891AC92C5B689800DE33E6 /* SignUpViewModel.swift in Sources */ = {isa = PBXBuildFile; fileRef = 22891AC82C5B689800DE33E6 /* SignUpViewModel.swift */; };
		22891ACB2C5B7BA900DE33E6 /* SignInViewModel.swift in Sources */ = {isa = PBXBuildFile; fileRef = 22891ACA2C5B7BA900DE33E6 /* SignInViewModel.swift */; };
		22891ACD2C5B7F2D00DE33E6 /* ForgotPassViewModel.swift in Sources */ = {isa = PBXBuildFile; fileRef = 22891ACC2C5B7F2D00DE33E6 /* ForgotPassViewModel.swift */; };
		22CA8E942C59533A0009952D /* FirebaseAuth in Frameworks */ = {isa = PBXBuildFile; productRef = 22CA8E932C59533A0009952D /* FirebaseAuth */; };
		22CA8E962C5953440009952D /* FirebaseDatabase in Frameworks */ = {isa = PBXBuildFile; productRef = 22CA8E952C5953440009952D /* FirebaseDatabase */; };
		22CA8E982C59534D0009952D /* FirebaseFirestore in Frameworks */ = {isa = PBXBuildFile; productRef = 22CA8E972C59534D0009952D /* FirebaseFirestore */; };
		2663C77E2C569E54002EFD0C /* RadioAppApp.swift in Sources */ = {isa = PBXBuildFile; fileRef = 2663C77D2C569E54002EFD0C /* RadioAppApp.swift */; };
		2663C7802C569E54002EFD0C /* WelcomeView.swift in Sources */ = {isa = PBXBuildFile; fileRef = 2663C77F2C569E54002EFD0C /* WelcomeView.swift */; };
		2663C7822C569E55002EFD0C /* Assets.xcassets in Resources */ = {isa = PBXBuildFile; fileRef = 2663C7812C569E55002EFD0C /* Assets.xcassets */; };
		2663C7852C569E55002EFD0C /* Preview Assets.xcassets in Resources */ = {isa = PBXBuildFile; fileRef = 2663C7842C569E55002EFD0C /* Preview Assets.xcassets */; };
		2663C7952C56A01F002EFD0C /* ProfileView.swift in Sources */ = {isa = PBXBuildFile; fileRef = 2663C7942C56A01F002EFD0C /* ProfileView.swift */; };
		2663C7972C56A037002EFD0C /* ProfileEditView.swift in Sources */ = {isa = PBXBuildFile; fileRef = 2663C7962C56A037002EFD0C /* ProfileEditView.swift */; };
		2663C7992C56A060002EFD0C /* LegalPoliciesView.swift in Sources */ = {isa = PBXBuildFile; fileRef = 2663C7982C56A060002EFD0C /* LegalPoliciesView.swift */; };
		2663C79B2C56A09B002EFD0C /* SignInView.swift in Sources */ = {isa = PBXBuildFile; fileRef = 2663C79A2C56A09B002EFD0C /* SignInView.swift */; };
		2663C79D2C56A0AB002EFD0C /* SignUpView.swift in Sources */ = {isa = PBXBuildFile; fileRef = 2663C79C2C56A0AB002EFD0C /* SignUpView.swift */; };
		2663C79F2C56A0CD002EFD0C /* ForgotPassView.swift in Sources */ = {isa = PBXBuildFile; fileRef = 2663C79E2C56A0CD002EFD0C /* ForgotPassView.swift */; };
		2663C7A12C56A10E002EFD0C /* CustomTabBarView.swift in Sources */ = {isa = PBXBuildFile; fileRef = 2663C7A02C56A10E002EFD0C /* CustomTabBarView.swift */; };
		2663C7A32C56A1A5002EFD0C /* PlayerMenuView.swift in Sources */ = {isa = PBXBuildFile; fileRef = 2663C7A22C56A1A5002EFD0C /* PlayerMenuView.swift */; };
		2663C7A52C56A1F2002EFD0C /* VolumeView.swift in Sources */ = {isa = PBXBuildFile; fileRef = 2663C7A42C56A1F2002EFD0C /* VolumeView.swift */; };
		2663C7A72C56A212002EFD0C /* SearchView.swift in Sources */ = {isa = PBXBuildFile; fileRef = 2663C7A62C56A212002EFD0C /* SearchView.swift */; };
		2663C7A92C56A249002EFD0C /* ViewModel.swift in Sources */ = {isa = PBXBuildFile; fileRef = 2663C7A82C56A249002EFD0C /* ViewModel.swift */; };
		2663C7AB2C56A257002EFD0C /* Model.swift in Sources */ = {isa = PBXBuildFile; fileRef = 2663C7AA2C56A257002EFD0C /* Model.swift */; };
		2663C7AE2C56A2B9002EFD0C /* Kingfisher in Frameworks */ = {isa = PBXBuildFile; productRef = 2663C7AD2C56A2B9002EFD0C /* Kingfisher */; };
		268696642C57DC330075E9DC /* StationPopularView.swift in Sources */ = {isa = PBXBuildFile; fileRef = 268696632C57DC330075E9DC /* StationPopularView.swift */; };
		268696662C57E0320075E9DC /* VoteView.swift in Sources */ = {isa = PBXBuildFile; fileRef = 268696652C57E0320075E9DC /* VoteView.swift */; };
		26A737972C5A49490002F1E9 /* PlayButtonView.swift in Sources */ = {isa = PBXBuildFile; fileRef = 26A737962C5A49490002F1E9 /* PlayButtonView.swift */; };
		26A737992C5A4F850002F1E9 /* BackButtonView.swift in Sources */ = {isa = PBXBuildFile; fileRef = 26A737982C5A4F850002F1E9 /* BackButtonView.swift */; };
		26A7379B2C5A4FCB0002F1E9 /* ForwardButtonView.swift in Sources */ = {isa = PBXBuildFile; fileRef = 26A7379A2C5A4FCB0002F1E9 /* ForwardButtonView.swift */; };
		26A7379E2C5A6A670002F1E9 /* SplineView.swift in Sources */ = {isa = PBXBuildFile; fileRef = 26A7379D2C5A6A670002F1E9 /* SplineView.swift */; };
		26D180992C5AA0A300D4EF68 /* PopularView.swift in Sources */ = {isa = PBXBuildFile; fileRef = 26D180982C5AA0A300D4EF68 /* PopularView.swift */; };
		7A0ED5E12C592B280063F449 /* TestView2.swift in Sources */ = {isa = PBXBuildFile; fileRef = 7A0ED5E02C592B280063F449 /* TestView2.swift */; };
		7A6579FF2C57F34E00FFDBFD /* URLManager.swift in Sources */ = {isa = PBXBuildFile; fileRef = 7A6579FE2C57F34E00FFDBFD /* URLManager.swift */; };
		7A7A4B302C5B51B000CD8794 /* ContentView.swift in Sources */ = {isa = PBXBuildFile; fileRef = 7A7A4B2F2C5B51B000CD8794 /* ContentView.swift */; };
		7A7A4B332C5B520600CD8794 /* TabData.swift in Sources */ = {isa = PBXBuildFile; fileRef = 7A7A4B312C5B520600CD8794 /* TabData.swift */; };
		7A7A4B362C5B64CD00CD8794 /* FavoritesView.swift in Sources */ = {isa = PBXBuildFile; fileRef = 7A7A4B352C5B64CD00CD8794 /* FavoritesView.swift */; };
		7A7A4B382C5B64DE00CD8794 /* AllStationsView.swift in Sources */ = {isa = PBXBuildFile; fileRef = 7A7A4B372C5B64DE00CD8794 /* AllStationsView.swift */; };
		E1E497DA2C56D14F0099440D /* Resources.swift in Sources */ = {isa = PBXBuildFile; fileRef = E1E497D92C56D14F0099440D /* Resources.swift */; };
		E1E497E62C56D5380099440D /* NetworkService.swift in Sources */ = {isa = PBXBuildFile; fileRef = E1E497E52C56D5380099440D /* NetworkService.swift */; };
		E1E497E92C56D7500099440D /* Color + Ext.swift in Sources */ = {isa = PBXBuildFile; fileRef = E1E497E72C56D7500099440D /* Color + Ext.swift */; };
		E1E497EB2C56D8500099440D /* DS.swift in Sources */ = {isa = PBXBuildFile; fileRef = E1E497EA2C56D8500099440D /* DS.swift */; };
		E1E497EE2C56DD670099440D /* ProfileViewModel.swift in Sources */ = {isa = PBXBuildFile; fileRef = E1E497ED2C56DD670099440D /* ProfileViewModel.swift */; };
		E1E497FB2C56E6230099440D /* SF-Pro-Display-Medium.otf in Resources */ = {isa = PBXBuildFile; fileRef = E1E497F62C56E6230099440D /* SF-Pro-Display-Medium.otf */; };
		E1E497FC2C56E6230099440D /* SF-Pro-Display-Regular.otf in Resources */ = {isa = PBXBuildFile; fileRef = E1E497F72C56E6230099440D /* SF-Pro-Display-Regular.otf */; };
		E1E497FD2C56E6230099440D /* SF-Pro-Display-Bold.otf in Resources */ = {isa = PBXBuildFile; fileRef = E1E497F82C56E6230099440D /* SF-Pro-Display-Bold.otf */; };
		E1E497FE2C56E6230099440D /* SF-Pro-Display-Semibold.otf in Resources */ = {isa = PBXBuildFile; fileRef = E1E497F92C56E6230099440D /* SF-Pro-Display-Semibold.otf */; };
		E1E498012C56EC900099440D /* Font + Ext.swift in Sources */ = {isa = PBXBuildFile; fileRef = E1E498002C56EC900099440D /* Font + Ext.swift */; };
/* End PBXBuildFile section */

/* Begin PBXFileReference section */
		22891AC42C5B5F5F00DE33E6 /* AuthService.swift */ = {isa = PBXFileReference; lastKnownFileType = sourcecode.swift; path = AuthService.swift; sourceTree = "<group>"; };
		22891AC82C5B689800DE33E6 /* SignUpViewModel.swift */ = {isa = PBXFileReference; lastKnownFileType = sourcecode.swift; path = SignUpViewModel.swift; sourceTree = "<group>"; };
		22891ACA2C5B7BA900DE33E6 /* SignInViewModel.swift */ = {isa = PBXFileReference; lastKnownFileType = sourcecode.swift; path = SignInViewModel.swift; sourceTree = "<group>"; };
		22891ACC2C5B7F2D00DE33E6 /* ForgotPassViewModel.swift */ = {isa = PBXFileReference; lastKnownFileType = sourcecode.swift; path = ForgotPassViewModel.swift; sourceTree = "<group>"; };
		2663C77A2C569E54002EFD0C /* RadioApp.app */ = {isa = PBXFileReference; explicitFileType = wrapper.application; includeInIndex = 0; path = RadioApp.app; sourceTree = BUILT_PRODUCTS_DIR; };
		2663C77D2C569E54002EFD0C /* RadioAppApp.swift */ = {isa = PBXFileReference; lastKnownFileType = sourcecode.swift; path = RadioAppApp.swift; sourceTree = "<group>"; };
		2663C77F2C569E54002EFD0C /* WelcomeView.swift */ = {isa = PBXFileReference; lastKnownFileType = sourcecode.swift; path = WelcomeView.swift; sourceTree = "<group>"; };
		2663C7812C569E55002EFD0C /* Assets.xcassets */ = {isa = PBXFileReference; lastKnownFileType = folder.assetcatalog; path = Assets.xcassets; sourceTree = "<group>"; };
		2663C7842C569E55002EFD0C /* Preview Assets.xcassets */ = {isa = PBXFileReference; lastKnownFileType = folder.assetcatalog; path = "Preview Assets.xcassets"; sourceTree = "<group>"; };
		2663C7942C56A01F002EFD0C /* ProfileView.swift */ = {isa = PBXFileReference; lastKnownFileType = sourcecode.swift; path = ProfileView.swift; sourceTree = "<group>"; };
		2663C7962C56A037002EFD0C /* ProfileEditView.swift */ = {isa = PBXFileReference; lastKnownFileType = sourcecode.swift; path = ProfileEditView.swift; sourceTree = "<group>"; };
		2663C7982C56A060002EFD0C /* LegalPoliciesView.swift */ = {isa = PBXFileReference; lastKnownFileType = sourcecode.swift; path = LegalPoliciesView.swift; sourceTree = "<group>"; };
		2663C79A2C56A09B002EFD0C /* SignInView.swift */ = {isa = PBXFileReference; lastKnownFileType = sourcecode.swift; path = SignInView.swift; sourceTree = "<group>"; };
		2663C79C2C56A0AB002EFD0C /* SignUpView.swift */ = {isa = PBXFileReference; lastKnownFileType = sourcecode.swift; path = SignUpView.swift; sourceTree = "<group>"; };
		2663C79E2C56A0CD002EFD0C /* ForgotPassView.swift */ = {isa = PBXFileReference; lastKnownFileType = sourcecode.swift; path = ForgotPassView.swift; sourceTree = "<group>"; };
		2663C7A02C56A10E002EFD0C /* CustomTabBarView.swift */ = {isa = PBXFileReference; lastKnownFileType = sourcecode.swift; path = CustomTabBarView.swift; sourceTree = "<group>"; };
		2663C7A22C56A1A5002EFD0C /* PlayerMenuView.swift */ = {isa = PBXFileReference; lastKnownFileType = sourcecode.swift; path = PlayerMenuView.swift; sourceTree = "<group>"; };
		2663C7A42C56A1F2002EFD0C /* VolumeView.swift */ = {isa = PBXFileReference; lastKnownFileType = sourcecode.swift; path = VolumeView.swift; sourceTree = "<group>"; };
		2663C7A62C56A212002EFD0C /* SearchView.swift */ = {isa = PBXFileReference; lastKnownFileType = sourcecode.swift; path = SearchView.swift; sourceTree = "<group>"; };
		2663C7A82C56A249002EFD0C /* ViewModel.swift */ = {isa = PBXFileReference; lastKnownFileType = sourcecode.swift; path = ViewModel.swift; sourceTree = "<group>"; };
		2663C7AA2C56A257002EFD0C /* Model.swift */ = {isa = PBXFileReference; lastKnownFileType = sourcecode.swift; path = Model.swift; sourceTree = "<group>"; };
		268696632C57DC330075E9DC /* StationPopularView.swift */ = {isa = PBXFileReference; lastKnownFileType = sourcecode.swift; path = StationPopularView.swift; sourceTree = "<group>"; };
		268696652C57E0320075E9DC /* VoteView.swift */ = {isa = PBXFileReference; lastKnownFileType = sourcecode.swift; path = VoteView.swift; sourceTree = "<group>"; };
		26A737962C5A49490002F1E9 /* PlayButtonView.swift */ = {isa = PBXFileReference; lastKnownFileType = sourcecode.swift; path = PlayButtonView.swift; sourceTree = "<group>"; };
		26A737982C5A4F850002F1E9 /* BackButtonView.swift */ = {isa = PBXFileReference; lastKnownFileType = sourcecode.swift; path = BackButtonView.swift; sourceTree = "<group>"; };
		26A7379A2C5A4FCB0002F1E9 /* ForwardButtonView.swift */ = {isa = PBXFileReference; lastKnownFileType = sourcecode.swift; path = ForwardButtonView.swift; sourceTree = "<group>"; };
		26A7379D2C5A6A670002F1E9 /* SplineView.swift */ = {isa = PBXFileReference; lastKnownFileType = sourcecode.swift; path = SplineView.swift; sourceTree = "<group>"; };
		26D180982C5AA0A300D4EF68 /* PopularView.swift */ = {isa = PBXFileReference; lastKnownFileType = sourcecode.swift; path = PopularView.swift; sourceTree = "<group>"; };
		7A0ED5E02C592B280063F449 /* TestView2.swift */ = {isa = PBXFileReference; lastKnownFileType = sourcecode.swift; path = TestView2.swift; sourceTree = "<group>"; };
		7A6579FE2C57F34E00FFDBFD /* URLManager.swift */ = {isa = PBXFileReference; lastKnownFileType = sourcecode.swift; path = URLManager.swift; sourceTree = "<group>"; };
		7A7A4B2F2C5B51B000CD8794 /* ContentView.swift */ = {isa = PBXFileReference; fileEncoding = 4; lastKnownFileType = sourcecode.swift; path = ContentView.swift; sourceTree = "<group>"; };
		7A7A4B312C5B520600CD8794 /* TabData.swift */ = {isa = PBXFileReference; fileEncoding = 4; lastKnownFileType = sourcecode.swift; path = TabData.swift; sourceTree = "<group>"; };
		7A7A4B352C5B64CD00CD8794 /* FavoritesView.swift */ = {isa = PBXFileReference; lastKnownFileType = sourcecode.swift; path = FavoritesView.swift; sourceTree = "<group>"; };
		7A7A4B372C5B64DE00CD8794 /* AllStationsView.swift */ = {isa = PBXFileReference; lastKnownFileType = sourcecode.swift; path = AllStationsView.swift; sourceTree = "<group>"; };
		E1E497D92C56D14F0099440D /* Resources.swift */ = {isa = PBXFileReference; lastKnownFileType = sourcecode.swift; path = Resources.swift; sourceTree = "<group>"; };
		E1E497E52C56D5380099440D /* NetworkService.swift */ = {isa = PBXFileReference; fileEncoding = 4; lastKnownFileType = sourcecode.swift; path = NetworkService.swift; sourceTree = "<group>"; };
		E1E497E72C56D7500099440D /* Color + Ext.swift */ = {isa = PBXFileReference; fileEncoding = 4; lastKnownFileType = sourcecode.swift; path = "Color + Ext.swift"; sourceTree = "<group>"; };
		E1E497EA2C56D8500099440D /* DS.swift */ = {isa = PBXFileReference; lastKnownFileType = sourcecode.swift; path = DS.swift; sourceTree = "<group>"; };
		E1E497ED2C56DD670099440D /* ProfileViewModel.swift */ = {isa = PBXFileReference; lastKnownFileType = sourcecode.swift; path = ProfileViewModel.swift; sourceTree = "<group>"; };
		E1E497F62C56E6230099440D /* SF-Pro-Display-Medium.otf */ = {isa = PBXFileReference; lastKnownFileType = file; path = "SF-Pro-Display-Medium.otf"; sourceTree = "<group>"; };
		E1E497F72C56E6230099440D /* SF-Pro-Display-Regular.otf */ = {isa = PBXFileReference; lastKnownFileType = file; path = "SF-Pro-Display-Regular.otf"; sourceTree = "<group>"; };
		E1E497F82C56E6230099440D /* SF-Pro-Display-Bold.otf */ = {isa = PBXFileReference; lastKnownFileType = file; path = "SF-Pro-Display-Bold.otf"; sourceTree = "<group>"; };
		E1E497F92C56E6230099440D /* SF-Pro-Display-Semibold.otf */ = {isa = PBXFileReference; lastKnownFileType = file; path = "SF-Pro-Display-Semibold.otf"; sourceTree = "<group>"; };
		E1E497FF2C56E6CF0099440D /* Info.plist */ = {isa = PBXFileReference; lastKnownFileType = text.plist.xml; path = Info.plist; sourceTree = "<group>"; };
		E1E498002C56EC900099440D /* Font + Ext.swift */ = {isa = PBXFileReference; lastKnownFileType = sourcecode.swift; path = "Font + Ext.swift"; sourceTree = "<group>"; };
/* End PBXFileReference section */

/* Begin PBXFrameworksBuildPhase section */
		2663C7772C569E54002EFD0C /* Frameworks */ = {
			isa = PBXFrameworksBuildPhase;
			buildActionMask = 2147483647;
			files = (
				22CA8E962C5953440009952D /* FirebaseDatabase in Frameworks */,
				22CA8E982C59534D0009952D /* FirebaseFirestore in Frameworks */,
				2663C7AE2C56A2B9002EFD0C /* Kingfisher in Frameworks */,
				22CA8E942C59533A0009952D /* FirebaseAuth in Frameworks */,
			);
			runOnlyForDeploymentPostprocessing = 0;
		};
/* End PBXFrameworksBuildPhase section */

/* Begin PBXGroup section */
		22891AC32C5B5EF700DE33E6 /* AuthService */ = {
			isa = PBXGroup;
			children = (
				22891AC42C5B5F5F00DE33E6 /* AuthService.swift */,
			);
			path = AuthService;
			sourceTree = "<group>";
		};
		22CA8E922C59533A0009952D /* Frameworks */ = {
			isa = PBXGroup;
			children = (
			);
			name = Frameworks;
			sourceTree = "<group>";
		};
		2663C7712C569E54002EFD0C = {
			isa = PBXGroup;
			children = (
				2663C77C2C569E54002EFD0C /* RadioApp */,
				2663C77B2C569E54002EFD0C /* Products */,
				22CA8E922C59533A0009952D /* Frameworks */,
			);
			sourceTree = "<group>";
		};
		2663C77B2C569E54002EFD0C /* Products */ = {
			isa = PBXGroup;
			children = (
				2663C77A2C569E54002EFD0C /* RadioApp.app */,
			);
			name = Products;
			sourceTree = "<group>";
		};
		2663C77C2C569E54002EFD0C /* RadioApp */ = {
			isa = PBXGroup;
			children = (
				2663C78B2C569EB6002EFD0C /* App */,
				7A7A4B342C5B63F900CD8794 /* Screens */,
				2663C7912C569F89002EFD0C /* Models */,
				E1E497E32C56D4DF0099440D /* Services */,
				2663C78C2C569ED5002EFD0C /* Flows */,
				2663C78D2C569EE8002EFD0C /* Components */,
				E1E497E82C56D7500099440D /* Extensions */,
				E1E497D82C56D0C70099440D /* Resources */,
				2663C7832C569E55002EFD0C /* Preview Content */,
			);
			path = RadioApp;
			sourceTree = "<group>";
		};
		2663C7832C569E55002EFD0C /* Preview Content */ = {
			isa = PBXGroup;
			children = (
				2663C7842C569E55002EFD0C /* Preview Assets.xcassets */,
			);
			path = "Preview Content";
			sourceTree = "<group>";
		};
		2663C78B2C569EB6002EFD0C /* App */ = {
			isa = PBXGroup;
			children = (
				2663C77D2C569E54002EFD0C /* RadioAppApp.swift */,
				7A7A4B2F2C5B51B000CD8794 /* ContentView.swift */,
			);
			path = App;
			sourceTree = "<group>";
		};
		2663C78C2C569ED5002EFD0C /* Flows */ = {
			isa = PBXGroup;
			children = (
				2663C77F2C569E54002EFD0C /* WelcomeView.swift */,
				2663C7922C569FA4002EFD0C /* Autorization */,
				2663C7932C56A009002EFD0C /* ProfileFlow */,
				7A0ED5E02C592B280063F449 /* TestView2.swift */,
				26D180982C5AA0A300D4EF68 /* PopularView.swift */,
			);
			path = Flows;
			sourceTree = "<group>";
		};
		2663C78D2C569EE8002EFD0C /* Components */ = {
			isa = PBXGroup;
			children = (
				7A7A4B322C5B520600CD8794 /* TabBar */,
				2663C7A62C56A212002EFD0C /* SearchView.swift */,
				268696632C57DC330075E9DC /* StationPopularView.swift */,
				2663C7A42C56A1F2002EFD0C /* VolumeView.swift */,
				268696652C57E0320075E9DC /* VoteView.swift */,
				26A7379D2C5A6A670002F1E9 /* SplineView.swift */,
				26A7379C2C5A50AE0002F1E9 /* PlayerMenu */,
			);
			path = Components;
			sourceTree = "<group>";
		};
		2663C7912C569F89002EFD0C /* Models */ = {
			isa = PBXGroup;
			children = (
				2663C7AA2C56A257002EFD0C /* Model.swift */,
				2663C7A82C56A249002EFD0C /* ViewModel.swift */,
			);
			path = Models;
			sourceTree = "<group>";
		};
		2663C7922C569FA4002EFD0C /* Autorization */ = {
			isa = PBXGroup;
			children = (
				2663C79A2C56A09B002EFD0C /* SignInView.swift */,
				22891ACA2C5B7BA900DE33E6 /* SignInViewModel.swift */,
				2663C79C2C56A0AB002EFD0C /* SignUpView.swift */,
				22891AC82C5B689800DE33E6 /* SignUpViewModel.swift */,
				2663C79E2C56A0CD002EFD0C /* ForgotPassView.swift */,
				22891ACC2C5B7F2D00DE33E6 /* ForgotPassViewModel.swift */,
			);
			path = Autorization;
			sourceTree = "<group>";
		};
		2663C7932C56A009002EFD0C /* ProfileFlow */ = {
			isa = PBXGroup;
			children = (
				2663C7942C56A01F002EFD0C /* ProfileView.swift */,
				E1E497ED2C56DD670099440D /* ProfileViewModel.swift */,
				E1E497EC2C56DD410099440D /* SubViews */,
			);
			path = ProfileFlow;
			sourceTree = "<group>";
		};
		26A7379C2C5A50AE0002F1E9 /* PlayerMenu */ = {
			isa = PBXGroup;
			children = (
				2663C7A22C56A1A5002EFD0C /* PlayerMenuView.swift */,
				26A737962C5A49490002F1E9 /* PlayButtonView.swift */,
				26A737982C5A4F850002F1E9 /* BackButtonView.swift */,
				26A7379A2C5A4FCB0002F1E9 /* ForwardButtonView.swift */,
			);
			path = PlayerMenu;
			sourceTree = "<group>";
		};
		7A7A4B322C5B520600CD8794 /* TabBar */ = {
			isa = PBXGroup;
			children = (
				2663C7A02C56A10E002EFD0C /* CustomTabBarView.swift */,
				7A7A4B312C5B520600CD8794 /* TabData.swift */,
			);
			path = TabBar;
			sourceTree = "<group>";
		};
		7A7A4B342C5B63F900CD8794 /* Screens */ = {
			isa = PBXGroup;
			children = (
				7A7A4B352C5B64CD00CD8794 /* FavoritesView.swift */,
				7A7A4B372C5B64DE00CD8794 /* AllStationsView.swift */,
			);
			path = Screens;
			sourceTree = "<group>";
		};
		E1E497D82C56D0C70099440D /* Resources */ = {
			isa = PBXGroup;
			children = (
				E1E497FF2C56E6CF0099440D /* Info.plist */,
				E1E497DB2C56D1B40099440D /* DesignSystem */,
				2663C7812C569E55002EFD0C /* Assets.xcassets */,
			);
			path = Resources;
			sourceTree = "<group>";
		};
		E1E497DB2C56D1B40099440D /* DesignSystem */ = {
			isa = PBXGroup;
			children = (
				E1E497EF2C56E37F0099440D /* Fonts */,
				E1E497D92C56D14F0099440D /* Resources.swift */,
				E1E497EA2C56D8500099440D /* DS.swift */,
			);
			path = DesignSystem;
			sourceTree = "<group>";
		};
		E1E497E32C56D4DF0099440D /* Services */ = {
			isa = PBXGroup;
			children = (
				22891AC32C5B5EF700DE33E6 /* AuthService */,
				E1E497E42C56D4F70099440D /* NetworkService */,
			);
			path = Services;
			sourceTree = "<group>";
		};
		E1E497E42C56D4F70099440D /* NetworkService */ = {
			isa = PBXGroup;
			children = (
				E1E497E52C56D5380099440D /* NetworkService.swift */,
				7A6579FE2C57F34E00FFDBFD /* URLManager.swift */,
			);
			path = NetworkService;
			sourceTree = "<group>";
		};
		E1E497E82C56D7500099440D /* Extensions */ = {
			isa = PBXGroup;
			children = (
				E1E497E72C56D7500099440D /* Color + Ext.swift */,
				E1E498002C56EC900099440D /* Font + Ext.swift */,
			);
			path = Extensions;
			sourceTree = "<group>";
		};
		E1E497EC2C56DD410099440D /* SubViews */ = {
			isa = PBXGroup;
			children = (
				2663C7962C56A037002EFD0C /* ProfileEditView.swift */,
				2663C7982C56A060002EFD0C /* LegalPoliciesView.swift */,
			);
			path = SubViews;
			sourceTree = "<group>";
		};
		E1E497EF2C56E37F0099440D /* Fonts */ = {
			isa = PBXGroup;
			children = (
				E1E497F82C56E6230099440D /* SF-Pro-Display-Bold.otf */,
				E1E497F62C56E6230099440D /* SF-Pro-Display-Medium.otf */,
				E1E497F72C56E6230099440D /* SF-Pro-Display-Regular.otf */,
				E1E497F92C56E6230099440D /* SF-Pro-Display-Semibold.otf */,
			);
			path = Fonts;
			sourceTree = "<group>";
		};
/* End PBXGroup section */

/* Begin PBXNativeTarget section */
		2663C7792C569E54002EFD0C /* RadioApp */ = {
			isa = PBXNativeTarget;
			buildConfigurationList = 2663C7882C569E55002EFD0C /* Build configuration list for PBXNativeTarget "RadioApp" */;
			buildPhases = (
				2663C7762C569E54002EFD0C /* Sources */,
				2663C7772C569E54002EFD0C /* Frameworks */,
				2663C7782C569E54002EFD0C /* Resources */,
			);
			buildRules = (
			);
			dependencies = (
			);
			name = RadioApp;
			packageProductDependencies = (
				2663C7AD2C56A2B9002EFD0C /* Kingfisher */,
				22CA8E932C59533A0009952D /* FirebaseAuth */,
				22CA8E952C5953440009952D /* FirebaseDatabase */,
				22CA8E972C59534D0009952D /* FirebaseFirestore */,
			);
			productName = RadioApp;
			productReference = 2663C77A2C569E54002EFD0C /* RadioApp.app */;
			productType = "com.apple.product-type.application";
		};
/* End PBXNativeTarget section */

/* Begin PBXProject section */
		2663C7722C569E54002EFD0C /* Project object */ = {
			isa = PBXProject;
			attributes = {
				BuildIndependentTargetsInParallel = 1;
				LastSwiftUpdateCheck = 1530;
				LastUpgradeCheck = 1530;
				TargetAttributes = {
					2663C7792C569E54002EFD0C = {
						CreatedOnToolsVersion = 15.3;
					};
				};
			};
			buildConfigurationList = 2663C7752C569E54002EFD0C /* Build configuration list for PBXProject "RadioApp" */;
			compatibilityVersion = "Xcode 13.0";
			developmentRegion = en;
			hasScannedForEncodings = 0;
			knownRegions = (
				en,
				Base,
			);
			mainGroup = 2663C7712C569E54002EFD0C;
			packageReferences = (
				2663C7AC2C56A2B9002EFD0C /* XCRemoteSwiftPackageReference "Kingfisher" */,
				2663C7AF2C56A337002EFD0C /* XCRemoteSwiftPackageReference "firebase-ios-sdk" */,
			);
			productRefGroup = 2663C77B2C569E54002EFD0C /* Products */;
			projectDirPath = "";
			projectRoot = "";
			targets = (
				2663C7792C569E54002EFD0C /* RadioApp */,
			);
		};
/* End PBXProject section */

/* Begin PBXResourcesBuildPhase section */
		2663C7782C569E54002EFD0C /* Resources */ = {
			isa = PBXResourcesBuildPhase;
			buildActionMask = 2147483647;
			files = (
				E1E497FB2C56E6230099440D /* SF-Pro-Display-Medium.otf in Resources */,
				2663C7852C569E55002EFD0C /* Preview Assets.xcassets in Resources */,
				E1E497FD2C56E6230099440D /* SF-Pro-Display-Bold.otf in Resources */,
				E1E497FE2C56E6230099440D /* SF-Pro-Display-Semibold.otf in Resources */,
				2663C7822C569E55002EFD0C /* Assets.xcassets in Resources */,
				E1E497FC2C56E6230099440D /* SF-Pro-Display-Regular.otf in Resources */,
			);
			runOnlyForDeploymentPostprocessing = 0;
		};
/* End PBXResourcesBuildPhase section */

/* Begin PBXSourcesBuildPhase section */
		2663C7762C569E54002EFD0C /* Sources */ = {
			isa = PBXSourcesBuildPhase;
			buildActionMask = 2147483647;
			files = (
				2663C7A32C56A1A5002EFD0C /* PlayerMenuView.swift in Sources */,
				26A7379E2C5A6A670002F1E9 /* SplineView.swift in Sources */,
				E1E497EE2C56DD670099440D /* ProfileViewModel.swift in Sources */,
				26A737992C5A4F850002F1E9 /* BackButtonView.swift in Sources */,
				7A0ED5E12C592B280063F449 /* TestView2.swift in Sources */,
				268696662C57E0320075E9DC /* VoteView.swift in Sources */,
				2663C7A12C56A10E002EFD0C /* CustomTabBarView.swift in Sources */,
				26A7379B2C5A4FCB0002F1E9 /* ForwardButtonView.swift in Sources */,
				E1E497EB2C56D8500099440D /* DS.swift in Sources */,
				7A7A4B332C5B520600CD8794 /* TabData.swift in Sources */,
				2663C79B2C56A09B002EFD0C /* SignInView.swift in Sources */,
				268696642C57DC330075E9DC /* StationPopularView.swift in Sources */,
				22891AC52C5B5F5F00DE33E6 /* AuthService.swift in Sources */,
				E1E497DA2C56D14F0099440D /* Resources.swift in Sources */,
				2663C7802C569E54002EFD0C /* WelcomeView.swift in Sources */,
				E1E497E62C56D5380099440D /* NetworkService.swift in Sources */,
				2663C7A72C56A212002EFD0C /* SearchView.swift in Sources */,
				22891ACD2C5B7F2D00DE33E6 /* ForgotPassViewModel.swift in Sources */,
				22891AC92C5B689800DE33E6 /* SignUpViewModel.swift in Sources */,
				2663C7A52C56A1F2002EFD0C /* VolumeView.swift in Sources */,
				26D180992C5AA0A300D4EF68 /* PopularView.swift in Sources */,
				2663C7A92C56A249002EFD0C /* ViewModel.swift in Sources */,
				26A737972C5A49490002F1E9 /* PlayButtonView.swift in Sources */,
				2663C7AB2C56A257002EFD0C /* Model.swift in Sources */,
				2663C79F2C56A0CD002EFD0C /* ForgotPassView.swift in Sources */,
				7A7A4B382C5B64DE00CD8794 /* AllStationsView.swift in Sources */,
				2663C7952C56A01F002EFD0C /* ProfileView.swift in Sources */,
				E1E498012C56EC900099440D /* Font + Ext.swift in Sources */,
				2663C79D2C56A0AB002EFD0C /* SignUpView.swift in Sources */,
				2663C7972C56A037002EFD0C /* ProfileEditView.swift in Sources */,
				E1E497E92C56D7500099440D /* Color + Ext.swift in Sources */,
				22891ACB2C5B7BA900DE33E6 /* SignInViewModel.swift in Sources */,
				7A7A4B302C5B51B000CD8794 /* ContentView.swift in Sources */,
				7A7A4B362C5B64CD00CD8794 /* FavoritesView.swift in Sources */,
				2663C77E2C569E54002EFD0C /* RadioAppApp.swift in Sources */,
				2663C7992C56A060002EFD0C /* LegalPoliciesView.swift in Sources */,
				7A6579FF2C57F34E00FFDBFD /* URLManager.swift in Sources */,
			);
			runOnlyForDeploymentPostprocessing = 0;
		};
/* End PBXSourcesBuildPhase section */

/* Begin XCBuildConfiguration section */
		2663C7862C569E55002EFD0C /* Debug */ = {
			isa = XCBuildConfiguration;
			buildSettings = {
				ALWAYS_SEARCH_USER_PATHS = NO;
				ASSETCATALOG_COMPILER_GENERATE_SWIFT_ASSET_SYMBOL_EXTENSIONS = YES;
				CLANG_ANALYZER_NONNULL = YES;
				CLANG_ANALYZER_NUMBER_OBJECT_CONVERSION = YES_AGGRESSIVE;
				CLANG_CXX_LANGUAGE_STANDARD = "gnu++20";
				CLANG_ENABLE_MODULES = YES;
				CLANG_ENABLE_OBJC_ARC = YES;
				CLANG_ENABLE_OBJC_WEAK = YES;
				CLANG_WARN_BLOCK_CAPTURE_AUTORELEASING = YES;
				CLANG_WARN_BOOL_CONVERSION = YES;
				CLANG_WARN_COMMA = YES;
				CLANG_WARN_CONSTANT_CONVERSION = YES;
				CLANG_WARN_DEPRECATED_OBJC_IMPLEMENTATIONS = YES;
				CLANG_WARN_DIRECT_OBJC_ISA_USAGE = YES_ERROR;
				CLANG_WARN_DOCUMENTATION_COMMENTS = YES;
				CLANG_WARN_EMPTY_BODY = YES;
				CLANG_WARN_ENUM_CONVERSION = YES;
				CLANG_WARN_INFINITE_RECURSION = YES;
				CLANG_WARN_INT_CONVERSION = YES;
				CLANG_WARN_NON_LITERAL_NULL_CONVERSION = YES;
				CLANG_WARN_OBJC_IMPLICIT_RETAIN_SELF = YES;
				CLANG_WARN_OBJC_LITERAL_CONVERSION = YES;
				CLANG_WARN_OBJC_ROOT_CLASS = YES_ERROR;
				CLANG_WARN_QUOTED_INCLUDE_IN_FRAMEWORK_HEADER = YES;
				CLANG_WARN_RANGE_LOOP_ANALYSIS = YES;
				CLANG_WARN_STRICT_PROTOTYPES = YES;
				CLANG_WARN_SUSPICIOUS_MOVE = YES;
				CLANG_WARN_UNGUARDED_AVAILABILITY = YES_AGGRESSIVE;
				CLANG_WARN_UNREACHABLE_CODE = YES;
				CLANG_WARN__DUPLICATE_METHOD_MATCH = YES;
				COPY_PHASE_STRIP = NO;
				DEBUG_INFORMATION_FORMAT = dwarf;
				ENABLE_STRICT_OBJC_MSGSEND = YES;
				ENABLE_TESTABILITY = YES;
				ENABLE_USER_SCRIPT_SANDBOXING = YES;
				GCC_C_LANGUAGE_STANDARD = gnu17;
				GCC_DYNAMIC_NO_PIC = NO;
				GCC_NO_COMMON_BLOCKS = YES;
				GCC_OPTIMIZATION_LEVEL = 0;
				GCC_PREPROCESSOR_DEFINITIONS = (
					"DEBUG=1",
					"$(inherited)",
				);
				GCC_WARN_64_TO_32_BIT_CONVERSION = YES;
				GCC_WARN_ABOUT_RETURN_TYPE = YES_ERROR;
				GCC_WARN_UNDECLARED_SELECTOR = YES;
				GCC_WARN_UNINITIALIZED_AUTOS = YES_AGGRESSIVE;
				GCC_WARN_UNUSED_FUNCTION = YES;
				GCC_WARN_UNUSED_VARIABLE = YES;
				IPHONEOS_DEPLOYMENT_TARGET = 17.4;
				LOCALIZATION_PREFERS_STRING_CATALOGS = YES;
				MTL_ENABLE_DEBUG_INFO = INCLUDE_SOURCE;
				MTL_FAST_MATH = YES;
				ONLY_ACTIVE_ARCH = YES;
				SDKROOT = iphoneos;
				SWIFT_ACTIVE_COMPILATION_CONDITIONS = "DEBUG $(inherited)";
				SWIFT_OPTIMIZATION_LEVEL = "-Onone";
			};
			name = Debug;
		};
		2663C7872C569E55002EFD0C /* Release */ = {
			isa = XCBuildConfiguration;
			buildSettings = {
				ALWAYS_SEARCH_USER_PATHS = NO;
				ASSETCATALOG_COMPILER_GENERATE_SWIFT_ASSET_SYMBOL_EXTENSIONS = YES;
				CLANG_ANALYZER_NONNULL = YES;
				CLANG_ANALYZER_NUMBER_OBJECT_CONVERSION = YES_AGGRESSIVE;
				CLANG_CXX_LANGUAGE_STANDARD = "gnu++20";
				CLANG_ENABLE_MODULES = YES;
				CLANG_ENABLE_OBJC_ARC = YES;
				CLANG_ENABLE_OBJC_WEAK = YES;
				CLANG_WARN_BLOCK_CAPTURE_AUTORELEASING = YES;
				CLANG_WARN_BOOL_CONVERSION = YES;
				CLANG_WARN_COMMA = YES;
				CLANG_WARN_CONSTANT_CONVERSION = YES;
				CLANG_WARN_DEPRECATED_OBJC_IMPLEMENTATIONS = YES;
				CLANG_WARN_DIRECT_OBJC_ISA_USAGE = YES_ERROR;
				CLANG_WARN_DOCUMENTATION_COMMENTS = YES;
				CLANG_WARN_EMPTY_BODY = YES;
				CLANG_WARN_ENUM_CONVERSION = YES;
				CLANG_WARN_INFINITE_RECURSION = YES;
				CLANG_WARN_INT_CONVERSION = YES;
				CLANG_WARN_NON_LITERAL_NULL_CONVERSION = YES;
				CLANG_WARN_OBJC_IMPLICIT_RETAIN_SELF = YES;
				CLANG_WARN_OBJC_LITERAL_CONVERSION = YES;
				CLANG_WARN_OBJC_ROOT_CLASS = YES_ERROR;
				CLANG_WARN_QUOTED_INCLUDE_IN_FRAMEWORK_HEADER = YES;
				CLANG_WARN_RANGE_LOOP_ANALYSIS = YES;
				CLANG_WARN_STRICT_PROTOTYPES = YES;
				CLANG_WARN_SUSPICIOUS_MOVE = YES;
				CLANG_WARN_UNGUARDED_AVAILABILITY = YES_AGGRESSIVE;
				CLANG_WARN_UNREACHABLE_CODE = YES;
				CLANG_WARN__DUPLICATE_METHOD_MATCH = YES;
				COPY_PHASE_STRIP = NO;
				DEBUG_INFORMATION_FORMAT = "dwarf-with-dsym";
				ENABLE_NS_ASSERTIONS = NO;
				ENABLE_STRICT_OBJC_MSGSEND = YES;
				ENABLE_USER_SCRIPT_SANDBOXING = YES;
				GCC_C_LANGUAGE_STANDARD = gnu17;
				GCC_NO_COMMON_BLOCKS = YES;
				GCC_WARN_64_TO_32_BIT_CONVERSION = YES;
				GCC_WARN_ABOUT_RETURN_TYPE = YES_ERROR;
				GCC_WARN_UNDECLARED_SELECTOR = YES;
				GCC_WARN_UNINITIALIZED_AUTOS = YES_AGGRESSIVE;
				GCC_WARN_UNUSED_FUNCTION = YES;
				GCC_WARN_UNUSED_VARIABLE = YES;
				IPHONEOS_DEPLOYMENT_TARGET = 17.4;
				LOCALIZATION_PREFERS_STRING_CATALOGS = YES;
				MTL_ENABLE_DEBUG_INFO = NO;
				MTL_FAST_MATH = YES;
				SDKROOT = iphoneos;
				SWIFT_COMPILATION_MODE = wholemodule;
				VALIDATE_PRODUCT = YES;
			};
			name = Release;
		};
		2663C7892C569E55002EFD0C /* Debug */ = {
			isa = XCBuildConfiguration;
			buildSettings = {
				ASSETCATALOG_COMPILER_APPICON_NAME = AppIcon;
				ASSETCATALOG_COMPILER_GLOBAL_ACCENT_COLOR_NAME = AccentColor;
				CODE_SIGN_STYLE = Automatic;
				CURRENT_PROJECT_VERSION = 1;
				DEVELOPMENT_ASSET_PATHS = "\"RadioApp/Preview Content\"";
				DEVELOPMENT_TEAM = 689Q9C7S84;
				ENABLE_PREVIEWS = YES;
				GENERATE_INFOPLIST_FILE = YES;
				INFOPLIST_FILE = RadioApp/Resources/Info.plist;
				INFOPLIST_KEY_LSApplicationCategoryType = "";
				INFOPLIST_KEY_NSHumanReadableCopyright = "";
				INFOPLIST_KEY_UIApplicationSceneManifest_Generation = YES;
				INFOPLIST_KEY_UIApplicationSupportsIndirectInputEvents = YES;
				INFOPLIST_KEY_UILaunchScreen_Generation = YES;
				INFOPLIST_KEY_UISupportedInterfaceOrientations = UIInterfaceOrientationPortrait;
				INFOPLIST_KEY_UISupportedInterfaceOrientations_iPad = "UIInterfaceOrientationLandscapeLeft UIInterfaceOrientationLandscapeRight UIInterfaceOrientationPortrait UIInterfaceOrientationPortraitUpsideDown";
				IPHONEOS_DEPLOYMENT_TARGET = 15.0;
				LD_RUNPATH_SEARCH_PATHS = (
					"$(inherited)",
					"@executable_path/Frameworks",
				);
				MARKETING_VERSION = 1.0;
				PRODUCT_BUNDLE_IDENTIFIER = ru.eliseev.dmitry.RadioApp;
				PRODUCT_NAME = "$(TARGET_NAME)";
				SUPPORTED_PLATFORMS = "iphoneos iphonesimulator";
				SUPPORTS_MACCATALYST = NO;
				SUPPORTS_MAC_DESIGNED_FOR_IPHONE_IPAD = NO;
				SUPPORTS_XR_DESIGNED_FOR_IPHONE_IPAD = NO;
				SWIFT_EMIT_LOC_STRINGS = YES;
				SWIFT_VERSION = 5.0;
				TARGETED_DEVICE_FAMILY = 1;
			};
			name = Debug;
		};
		2663C78A2C569E55002EFD0C /* Release */ = {
			isa = XCBuildConfiguration;
			buildSettings = {
				ASSETCATALOG_COMPILER_APPICON_NAME = AppIcon;
				ASSETCATALOG_COMPILER_GLOBAL_ACCENT_COLOR_NAME = AccentColor;
				CODE_SIGN_STYLE = Automatic;
				CURRENT_PROJECT_VERSION = 1;
				DEVELOPMENT_ASSET_PATHS = "\"RadioApp/Preview Content\"";
				DEVELOPMENT_TEAM = 689Q9C7S84;
				ENABLE_PREVIEWS = YES;
				GENERATE_INFOPLIST_FILE = YES;
				INFOPLIST_FILE = RadioApp/Resources/Info.plist;
				INFOPLIST_KEY_LSApplicationCategoryType = "";
				INFOPLIST_KEY_NSHumanReadableCopyright = "";
				INFOPLIST_KEY_UIApplicationSceneManifest_Generation = YES;
				INFOPLIST_KEY_UIApplicationSupportsIndirectInputEvents = YES;
				INFOPLIST_KEY_UILaunchScreen_Generation = YES;
				INFOPLIST_KEY_UISupportedInterfaceOrientations = UIInterfaceOrientationPortrait;
				INFOPLIST_KEY_UISupportedInterfaceOrientations_iPad = "UIInterfaceOrientationLandscapeLeft UIInterfaceOrientationLandscapeRight UIInterfaceOrientationPortrait UIInterfaceOrientationPortraitUpsideDown";
				IPHONEOS_DEPLOYMENT_TARGET = 15.0;
				LD_RUNPATH_SEARCH_PATHS = (
					"$(inherited)",
					"@executable_path/Frameworks",
				);
				MARKETING_VERSION = 1.0;
				PRODUCT_BUNDLE_IDENTIFIER = ru.eliseev.dmitry.RadioApp;
				PRODUCT_NAME = "$(TARGET_NAME)";
				SUPPORTED_PLATFORMS = "iphoneos iphonesimulator";
				SUPPORTS_MACCATALYST = NO;
				SUPPORTS_MAC_DESIGNED_FOR_IPHONE_IPAD = NO;
				SUPPORTS_XR_DESIGNED_FOR_IPHONE_IPAD = NO;
				SWIFT_EMIT_LOC_STRINGS = YES;
				SWIFT_VERSION = 5.0;
				TARGETED_DEVICE_FAMILY = 1;
			};
			name = Release;
		};
/* End XCBuildConfiguration section */

/* Begin XCConfigurationList section */
		2663C7752C569E54002EFD0C /* Build configuration list for PBXProject "RadioApp" */ = {
			isa = XCConfigurationList;
			buildConfigurations = (
				2663C7862C569E55002EFD0C /* Debug */,
				2663C7872C569E55002EFD0C /* Release */,
			);
			defaultConfigurationIsVisible = 0;
			defaultConfigurationName = Release;
		};
		2663C7882C569E55002EFD0C /* Build configuration list for PBXNativeTarget "RadioApp" */ = {
			isa = XCConfigurationList;
			buildConfigurations = (
				2663C7892C569E55002EFD0C /* Debug */,
				2663C78A2C569E55002EFD0C /* Release */,
			);
			defaultConfigurationIsVisible = 0;
			defaultConfigurationName = Release;
		};
/* End XCConfigurationList section */

/* Begin XCRemoteSwiftPackageReference section */
		2663C7AC2C56A2B9002EFD0C /* XCRemoteSwiftPackageReference "Kingfisher" */ = {
			isa = XCRemoteSwiftPackageReference;
			repositoryURL = "https://github.com/onevcat/Kingfisher.git";
			requirement = {
				kind = upToNextMajorVersion;
				minimumVersion = 7.12.0;
			};
		};
		2663C7AF2C56A337002EFD0C /* XCRemoteSwiftPackageReference "firebase-ios-sdk" */ = {
			isa = XCRemoteSwiftPackageReference;
			repositoryURL = "https://github.com/firebase/firebase-ios-sdk.git";
			requirement = {
				kind = upToNextMajorVersion;
				minimumVersion = 10.29.0;
			};
		};
/* End XCRemoteSwiftPackageReference section */

/* Begin XCSwiftPackageProductDependency section */
		22CA8E932C59533A0009952D /* FirebaseAuth */ = {
			isa = XCSwiftPackageProductDependency;
			package = 2663C7AF2C56A337002EFD0C /* XCRemoteSwiftPackageReference "firebase-ios-sdk" */;
			productName = FirebaseAuth;
		};
		22CA8E952C5953440009952D /* FirebaseDatabase */ = {
			isa = XCSwiftPackageProductDependency;
			package = 2663C7AF2C56A337002EFD0C /* XCRemoteSwiftPackageReference "firebase-ios-sdk" */;
			productName = FirebaseDatabase;
		};
		22CA8E972C59534D0009952D /* FirebaseFirestore */ = {
			isa = XCSwiftPackageProductDependency;
			package = 2663C7AF2C56A337002EFD0C /* XCRemoteSwiftPackageReference "firebase-ios-sdk" */;
			productName = FirebaseFirestore;
		};
		2663C7AD2C56A2B9002EFD0C /* Kingfisher */ = {
			isa = XCSwiftPackageProductDependency;
			package = 2663C7AC2C56A2B9002EFD0C /* XCRemoteSwiftPackageReference "Kingfisher" */;
			productName = Kingfisher;
		};
/* End XCSwiftPackageProductDependency section */
	};
	rootObject = 2663C7722C569E54002EFD0C /* Project object */;
}
