// !$*UTF8*$!
{
	archiveVersion = 1;
	classes = {
	};
	objectVersion = 55;
	objects = {

/* Begin PBXBuildFile section */
		220E86A12C5CB98900F8B0D6 /* GoogleService-Info.plist in Resources */ = {isa = PBXBuildFile; fileRef = 220E86A02C5CB98800F8B0D6 /* GoogleService-Info.plist */; };
		220E86A32C5CD94B00F8B0D6 /* AppDelegate.swift in Sources */ = {isa = PBXBuildFile; fileRef = 220E86A22C5CD94B00F8B0D6 /* AppDelegate.swift */; };
		220E86A62C5CE34D00F8B0D6 /* GoogleSignIn in Frameworks */ = {isa = PBXBuildFile; productRef = 220E86A52C5CE34D00F8B0D6 /* GoogleSignIn */; };
		220E86A82C5CE34D00F8B0D6 /* GoogleSignInSwift in Frameworks */ = {isa = PBXBuildFile; productRef = 220E86A72C5CE34D00F8B0D6 /* GoogleSignInSwift */; };
		223406762C5DF7C200C701A3 /* WelcomeBackgroundView.swift in Sources */ = {isa = PBXBuildFile; fileRef = 223406752C5DF7C200C701A3 /* WelcomeBackgroundView.swift */; };
		2277BB472C5E881700317DD2 /* AuthBackgroundView.swift in Sources */ = {isa = PBXBuildFile; fileRef = 2277BB462C5E87E500317DD2 /* AuthBackgroundView.swift */; };
		2277BB4A2C5F2D0E00317DD2 /* ForgotPassOneView.swift in Sources */ = {isa = PBXBuildFile; fileRef = 2277BB492C5F2D0E00317DD2 /* ForgotPassOneView.swift */; };
		2277BB4C2C5F2D5700317DD2 /* ForgotPassTwoView.swift in Sources */ = {isa = PBXBuildFile; fileRef = 2277BB4B2C5F2D5700317DD2 /* ForgotPassTwoView.swift */; };
		22891AC52C5B5F5F00DE33E6 /* AuthService.swift in Sources */ = {isa = PBXBuildFile; fileRef = 22891AC42C5B5F5F00DE33E6 /* AuthService.swift */; };
		22CA8E942C59533A0009952D /* FirebaseAuth in Frameworks */ = {isa = PBXBuildFile; productRef = 22CA8E932C59533A0009952D /* FirebaseAuth */; };
		22CA8E962C5953440009952D /* FirebaseDatabase in Frameworks */ = {isa = PBXBuildFile; productRef = 22CA8E952C5953440009952D /* FirebaseDatabase */; };
		22CA8E982C59534D0009952D /* FirebaseFirestore in Frameworks */ = {isa = PBXBuildFile; productRef = 22CA8E972C59534D0009952D /* FirebaseFirestore */; };
		2663C7802C569E54002EFD0C /* WelcomeView.swift in Sources */ = {isa = PBXBuildFile; fileRef = 2663C77F2C569E54002EFD0C /* WelcomeView.swift */; };
		2663C7822C569E55002EFD0C /* Assets.xcassets in Resources */ = {isa = PBXBuildFile; fileRef = 2663C7812C569E55002EFD0C /* Assets.xcassets */; };
		2663C7852C569E55002EFD0C /* Preview Assets.xcassets in Resources */ = {isa = PBXBuildFile; fileRef = 2663C7842C569E55002EFD0C /* Preview Assets.xcassets */; };
		2663C7952C56A01F002EFD0C /* ProfileView.swift in Sources */ = {isa = PBXBuildFile; fileRef = 2663C7942C56A01F002EFD0C /* ProfileView.swift */; };
		2663C7972C56A037002EFD0C /* ProfileEditView.swift in Sources */ = {isa = PBXBuildFile; fileRef = 2663C7962C56A037002EFD0C /* ProfileEditView.swift */; };
		2663C79B2C56A09B002EFD0C /* SignInView.swift in Sources */ = {isa = PBXBuildFile; fileRef = 2663C79A2C56A09B002EFD0C /* SignInView.swift */; };
		2663C79D2C56A0AB002EFD0C /* SignUpView.swift in Sources */ = {isa = PBXBuildFile; fileRef = 2663C79C2C56A0AB002EFD0C /* SignUpView.swift */; };
		2663C7A12C56A10E002EFD0C /* CustomTabBarView.swift in Sources */ = {isa = PBXBuildFile; fileRef = 2663C7A02C56A10E002EFD0C /* CustomTabBarView.swift */; };
		2663C7A52C56A1F2002EFD0C /* VolumeView.swift in Sources */ = {isa = PBXBuildFile; fileRef = 2663C7A42C56A1F2002EFD0C /* VolumeView.swift */; };
		2663C7A72C56A212002EFD0C /* SearchBarView.swift in Sources */ = {isa = PBXBuildFile; fileRef = 2663C7A62C56A212002EFD0C /* SearchBarView.swift */; };
		2663C7A92C56A249002EFD0C /* HomeViewModel.swift in Sources */ = {isa = PBXBuildFile; fileRef = 2663C7A82C56A249002EFD0C /* HomeViewModel.swift */; };
		2663C7AB2C56A257002EFD0C /* Model.swift in Sources */ = {isa = PBXBuildFile; fileRef = 2663C7AA2C56A257002EFD0C /* Model.swift */; };
		2663C7AE2C56A2B9002EFD0C /* Kingfisher in Frameworks */ = {isa = PBXBuildFile; productRef = 2663C7AD2C56A2B9002EFD0C /* Kingfisher */; };
		26742C1B2C668A5000668D86 /* TestEq.swift in Sources */ = {isa = PBXBuildFile; fileRef = 26742C1A2C668A5000668D86 /* TestEq.swift */; };
		268696642C57DC330075E9DC /* StationPopularView.swift in Sources */ = {isa = PBXBuildFile; fileRef = 268696632C57DC330075E9DC /* StationPopularView.swift */; };
		268696662C57E0320075E9DC /* VoteView.swift in Sources */ = {isa = PBXBuildFile; fileRef = 268696652C57E0320075E9DC /* VoteView.swift */; };
		269FCD132C665DB60060FFD8 /* TestRotationView.swift in Sources */ = {isa = PBXBuildFile; fileRef = 269FCD122C665DB60060FFD8 /* TestRotationView.swift */; };
		26A737972C5A49490002F1E9 /* PlayButtonView.swift in Sources */ = {isa = PBXBuildFile; fileRef = 26A737962C5A49490002F1E9 /* PlayButtonView.swift */; };
		26A737992C5A4F850002F1E9 /* BackButtonView.swift in Sources */ = {isa = PBXBuildFile; fileRef = 26A737982C5A4F850002F1E9 /* BackButtonView.swift */; };
		26A7379B2C5A4FCB0002F1E9 /* ForwardButtonView.swift in Sources */ = {isa = PBXBuildFile; fileRef = 26A7379A2C5A4FCB0002F1E9 /* ForwardButtonView.swift */; };
		26A7379E2C5A6A670002F1E9 /* SplineView.swift in Sources */ = {isa = PBXBuildFile; fileRef = 26A7379D2C5A6A670002F1E9 /* SplineView.swift */; };
		26D180992C5AA0A300D4EF68 /* PopularView.swift in Sources */ = {isa = PBXBuildFile; fileRef = 26D180982C5AA0A300D4EF68 /* PopularView.swift */; };
		7A1194752C64F49A0050515E /* (null) in Sources */ = {isa = PBXBuildFile; };
		7A1194782C6502BE0050515E /* EqualizerView.swift in Sources */ = {isa = PBXBuildFile; fileRef = 7A1194772C6502BE0050515E /* EqualizerView.swift */; };
		7A6579FF2C57F34E00FFDBFD /* URLManager.swift in Sources */ = {isa = PBXBuildFile; fileRef = 7A6579FE2C57F34E00FFDBFD /* URLManager.swift */; };
		7A67B1542C65F718006EBE13 /* AmplitudeService.swift in Sources */ = {isa = PBXBuildFile; fileRef = 7A67B1532C65F718006EBE13 /* AmplitudeService.swift */; };
		7A7A4B302C5B51B000CD8794 /* ContentView.swift in Sources */ = {isa = PBXBuildFile; fileRef = 7A7A4B2F2C5B51B000CD8794 /* ContentView.swift */; };
		7A7A4B332C5B520600CD8794 /* TabData.swift in Sources */ = {isa = PBXBuildFile; fileRef = 7A7A4B312C5B520600CD8794 /* TabData.swift */; };
		7A7A4B362C5B64CD00CD8794 /* FavoritesView.swift in Sources */ = {isa = PBXBuildFile; fileRef = 7A7A4B352C5B64CD00CD8794 /* FavoritesView.swift */; };
		7A7A4B382C5B64DE00CD8794 /* AllStationsView.swift in Sources */ = {isa = PBXBuildFile; fileRef = 7A7A4B372C5B64DE00CD8794 /* AllStationsView.swift */; };
		7A89B80C2C66368600B6F76D /* (null) in Sources */ = {isa = PBXBuildFile; };
		7A89B80F2C663A2100B6F76D /* StationDetailsView.swift in Sources */ = {isa = PBXBuildFile; fileRef = 7A89B80E2C663A2100B6F76D /* StationDetailsView.swift */; };
		7A98A3682C5CCE820049DE5F /* SearchButtonView.swift in Sources */ = {isa = PBXBuildFile; fileRef = 7A98A3672C5CCE820049DE5F /* SearchButtonView.swift */; };
		7A98A36F2C5CEC720049DE5F /* StationView.swift in Sources */ = {isa = PBXBuildFile; fileRef = 7A98A36E2C5CEC720049DE5F /* StationView.swift */; };
		7AAEB6F62C6330FB004D7424 /* ToolbarName.swift in Sources */ = {isa = PBXBuildFile; fileRef = 7AAEB6F52C6330FB004D7424 /* ToolbarName.swift */; };
		7AAEB6F92C638482004D7424 /* ToolbarProfile.swift in Sources */ = {isa = PBXBuildFile; fileRef = 7AAEB6F82C638482004D7424 /* ToolbarProfile.swift */; };
		E133D7C22C6220B100BA4E84 /* FirebaseStorage in Frameworks */ = {isa = PBXBuildFile; productRef = E133D7C12C6220B100BA4E84 /* FirebaseStorage */; };
		E133D7D42C6345BE00BA4E84 /* String + Extension.swift in Sources */ = {isa = PBXBuildFile; fileRef = E133D7D32C6345BE00BA4E84 /* String + Extension.swift */; };
		E133D7EA2C6346CB00BA4E84 /* Localizable.strings in Resources */ = {isa = PBXBuildFile; fileRef = E133D7E82C6346CB00BA4E84 /* Localizable.strings */; };
		E14AA7862C5E234800BAC1BE /* EditPhotoButttonView.swift in Sources */ = {isa = PBXBuildFile; fileRef = E14AA7852C5E234800BAC1BE /* EditPhotoButttonView.swift */; };
		E14AA7882C5E7A2A00BAC1BE /* ProfileViewModel.swift in Sources */ = {isa = PBXBuildFile; fileRef = E14AA7872C5E7A2900BAC1BE /* ProfileViewModel.swift */; };
		E14AA78E2C5FB5AD00BAC1BE /* LanguageElementView.swift in Sources */ = {isa = PBXBuildFile; fileRef = E14AA78D2C5FB5AD00BAC1BE /* LanguageElementView.swift */; };
		E14AA7962C600FF900BAC1BE /* AboutUsCell.swift in Sources */ = {isa = PBXBuildFile; fileRef = E14AA7952C600FF900BAC1BE /* AboutUsCell.swift */; };
		E16EBD552C5CADA50010BF71 /* CustomButton.swift in Sources */ = {isa = PBXBuildFile; fileRef = E16EBD542C5CADA50010BF71 /* CustomButton.swift */; };
		E16EBD572C5CB3F10010BF71 /* Color + Ext.swift in Sources */ = {isa = PBXBuildFile; fileRef = E16EBD562C5CB3F10010BF71 /* Color + Ext.swift */; };
		E16EBD592C5CB4060010BF71 /* LegalPoliciesView.swift in Sources */ = {isa = PBXBuildFile; fileRef = E16EBD582C5CB4060010BF71 /* LegalPoliciesView.swift */; };
		E16EBD5B2C5CB42A0010BF71 /* RadioAppApp.swift in Sources */ = {isa = PBXBuildFile; fileRef = E16EBD5A2C5CB42A0010BF71 /* RadioAppApp.swift */; };
		E18529D82C5D034800BBE649 /* AnimatedBackgroundView.swift in Sources */ = {isa = PBXBuildFile; fileRef = E18529D72C5D034800BBE649 /* AnimatedBackgroundView.swift */; };
		E18529DC2C5D08F000BBE649 /* ChangePhotoView.swift in Sources */ = {isa = PBXBuildFile; fileRef = E18529DB2C5D08F000BBE649 /* ChangePhotoView.swift */; };
		E18529DF2C5D11AA00BBE649 /* ProfileHeaderView.swift in Sources */ = {isa = PBXBuildFile; fileRef = E18529DE2C5D11AA00BBE649 /* ProfileHeaderView.swift */; };
		E18529E12C5D30F800BBE649 /* ImagePicker.swift in Sources */ = {isa = PBXBuildFile; fileRef = E18529E02C5D30F800BBE649 /* ImagePicker.swift */; };
		E1B9E4CC2C69231B00793E88 /* CoreDataService.swift in Sources */ = {isa = PBXBuildFile; fileRef = E1B9E4CB2C69231B00793E88 /* CoreDataService.swift */; };
		E1C8A2B62C69EB9900DF542B /* FavoritesComponentView.swift in Sources */ = {isa = PBXBuildFile; fileRef = E1C8A2B52C69EB9900DF542B /* FavoritesComponentView.swift */; };
		E1E497DA2C56D14F0099440D /* Resources.swift in Sources */ = {isa = PBXBuildFile; fileRef = E1E497D92C56D14F0099440D /* Resources.swift */; };
		E1E497E62C56D5380099440D /* NetworkService.swift in Sources */ = {isa = PBXBuildFile; fileRef = E1E497E52C56D5380099440D /* NetworkService.swift */; };
		E1E497EB2C56D8500099440D /* DS.swift in Sources */ = {isa = PBXBuildFile; fileRef = E1E497EA2C56D8500099440D /* DS.swift */; };
		E1E497FB2C56E6230099440D /* SF-Pro-Display-Medium.otf in Resources */ = {isa = PBXBuildFile; fileRef = E1E497F62C56E6230099440D /* SF-Pro-Display-Medium.otf */; };
		E1E497FC2C56E6230099440D /* SF-Pro-Display-Regular.otf in Resources */ = {isa = PBXBuildFile; fileRef = E1E497F72C56E6230099440D /* SF-Pro-Display-Regular.otf */; };
		E1E497FD2C56E6230099440D /* SF-Pro-Display-Bold.otf in Resources */ = {isa = PBXBuildFile; fileRef = E1E497F82C56E6230099440D /* SF-Pro-Display-Bold.otf */; };
		E1E497FE2C56E6230099440D /* SF-Pro-Display-Semibold.otf in Resources */ = {isa = PBXBuildFile; fileRef = E1E497F92C56E6230099440D /* SF-Pro-Display-Semibold.otf */; };
		E1E498012C56EC900099440D /* Font + Ext.swift in Sources */ = {isa = PBXBuildFile; fileRef = E1E498002C56EC900099440D /* Font + Ext.swift */; };
		E1E498062C58D3DF0099440D /* SettingView.swift in Sources */ = {isa = PBXBuildFile; fileRef = E1E498052C58D3DF0099440D /* SettingView.swift */; };
		E1E498082C58D60F0099440D /* ProfileInfoView.swift in Sources */ = {isa = PBXBuildFile; fileRef = E1E498072C58D60F0099440D /* ProfileInfoView.swift */; };
		E1E4980A2C5983450099440D /* SettingsButton.swift in Sources */ = {isa = PBXBuildFile; fileRef = E1E498092C5983450099440D /* SettingsButton.swift */; };
		E1E4980C2C5A10560099440D /* ChevronCyrcleView.swift in Sources */ = {isa = PBXBuildFile; fileRef = E1E4980B2C5A10560099440D /* ChevronCyrcleView.swift */; };
		E1E4980E2C5A58F30099440D /* LanguageView.swift in Sources */ = {isa = PBXBuildFile; fileRef = E1E4980D2C5A58F30099440D /* LanguageView.swift */; };
		E1E498102C5AB6590099440D /* AboutUs.swift in Sources */ = {isa = PBXBuildFile; fileRef = E1E4980F2C5AB6590099440D /* AboutUs.swift */; };
		E1E498122C5AB7490099440D /* BackBarButton.swift in Sources */ = {isa = PBXBuildFile; fileRef = E1E498112C5AB7490099440D /* BackBarButton.swift */; };
		E1E498142C5BBB500099440D /* CustomTextField.swift in Sources */ = {isa = PBXBuildFile; fileRef = E1E498132C5BBB500099440D /* CustomTextField.swift */; };
		E1E87BB12C640CE10070D855 /* NotificationsView.swift in Sources */ = {isa = PBXBuildFile; fileRef = E1E87BB02C640CE10070D855 /* NotificationsView.swift */; };
		E1E87BB32C64122F0070D855 /* TimeAndDaysPicker.swift in Sources */ = {isa = PBXBuildFile; fileRef = E1E87BB22C64122F0070D855 /* TimeAndDaysPicker.swift */; };
		E1E87BB52C649F450070D855 /* NotificationsService.swift in Sources */ = {isa = PBXBuildFile; fileRef = E1E87BB42C649F450070D855 /* NotificationsService.swift */; };
		E1E87BBC2C65E7C10070D855 /* LocalizationService.swift in Sources */ = {isa = PBXBuildFile; fileRef = E1E87BBB2C65E7C10070D855 /* LocalizationService.swift */; };
		E1E87BC82C68929B0070D855 /* LikeStations.xcdatamodeld in Sources */ = {isa = PBXBuildFile; fileRef = E1E87BC62C68929B0070D855 /* LikeStations.xcdatamodeld */; };
		E1E87BCC2C6893440070D855 /* ProfileEditViewModel.swift in Sources */ = {isa = PBXBuildFile; fileRef = E1E87BCB2C6893440070D855 /* ProfileEditViewModel.swift */; };
		E1E87BCE2C6893FB0070D855 /* FIrebaseStorageService.swift in Sources */ = {isa = PBXBuildFile; fileRef = E1E87BCD2C6893FB0070D855 /* FIrebaseStorageService.swift */; };
		E1E87BD02C68B4250070D855 /* Button + Extension.swift in Sources */ = {isa = PBXBuildFile; fileRef = E1E87BCF2C68B4250070D855 /* Button + Extension.swift */; };
		E1E87BD32C68BE850070D855 /* AuthViewModel.swift in Sources */ = {isa = PBXBuildFile; fileRef = E1E87BD22C68BE850070D855 /* AuthViewModel.swift */; };
/* End PBXBuildFile section */

/* Begin PBXFileReference section */
		220E86A02C5CB98800F8B0D6 /* GoogleService-Info.plist */ = {isa = PBXFileReference; fileEncoding = 4; lastKnownFileType = text.plist.xml; path = "GoogleService-Info.plist"; sourceTree = "<group>"; };
		220E86A22C5CD94B00F8B0D6 /* AppDelegate.swift */ = {isa = PBXFileReference; lastKnownFileType = sourcecode.swift; path = AppDelegate.swift; sourceTree = "<group>"; };
		223406752C5DF7C200C701A3 /* WelcomeBackgroundView.swift */ = {isa = PBXFileReference; lastKnownFileType = sourcecode.swift; path = WelcomeBackgroundView.swift; sourceTree = "<group>"; };
		2277BB462C5E87E500317DD2 /* AuthBackgroundView.swift */ = {isa = PBXFileReference; lastKnownFileType = sourcecode.swift; path = AuthBackgroundView.swift; sourceTree = "<group>"; };
		2277BB492C5F2D0E00317DD2 /* ForgotPassOneView.swift */ = {isa = PBXFileReference; lastKnownFileType = sourcecode.swift; path = ForgotPassOneView.swift; sourceTree = "<group>"; };
		2277BB4B2C5F2D5700317DD2 /* ForgotPassTwoView.swift */ = {isa = PBXFileReference; lastKnownFileType = sourcecode.swift; path = ForgotPassTwoView.swift; sourceTree = "<group>"; };
		22891AC42C5B5F5F00DE33E6 /* AuthService.swift */ = {isa = PBXFileReference; lastKnownFileType = sourcecode.swift; path = AuthService.swift; sourceTree = "<group>"; };
		2663C77A2C569E54002EFD0C /* RadioApp.app */ = {isa = PBXFileReference; explicitFileType = wrapper.application; includeInIndex = 0; path = RadioApp.app; sourceTree = BUILT_PRODUCTS_DIR; };
		2663C77F2C569E54002EFD0C /* WelcomeView.swift */ = {isa = PBXFileReference; lastKnownFileType = sourcecode.swift; name = WelcomeView.swift; path = ../WelcomeView.swift; sourceTree = "<group>"; };
		2663C7812C569E55002EFD0C /* Assets.xcassets */ = {isa = PBXFileReference; lastKnownFileType = folder.assetcatalog; path = Assets.xcassets; sourceTree = "<group>"; };
		2663C7842C569E55002EFD0C /* Preview Assets.xcassets */ = {isa = PBXFileReference; lastKnownFileType = folder.assetcatalog; path = "Preview Assets.xcassets"; sourceTree = "<group>"; };
		2663C7942C56A01F002EFD0C /* ProfileView.swift */ = {isa = PBXFileReference; lastKnownFileType = sourcecode.swift; path = ProfileView.swift; sourceTree = "<group>"; };
		2663C7962C56A037002EFD0C /* ProfileEditView.swift */ = {isa = PBXFileReference; lastKnownFileType = sourcecode.swift; path = ProfileEditView.swift; sourceTree = "<group>"; };
		2663C79A2C56A09B002EFD0C /* SignInView.swift */ = {isa = PBXFileReference; lastKnownFileType = sourcecode.swift; path = SignInView.swift; sourceTree = "<group>"; };
		2663C79C2C56A0AB002EFD0C /* SignUpView.swift */ = {isa = PBXFileReference; lastKnownFileType = sourcecode.swift; path = SignUpView.swift; sourceTree = "<group>"; };
		2663C7A02C56A10E002EFD0C /* CustomTabBarView.swift */ = {isa = PBXFileReference; lastKnownFileType = sourcecode.swift; path = CustomTabBarView.swift; sourceTree = "<group>"; };
		2663C7A42C56A1F2002EFD0C /* VolumeView.swift */ = {isa = PBXFileReference; lastKnownFileType = sourcecode.swift; path = VolumeView.swift; sourceTree = "<group>"; };
		2663C7A62C56A212002EFD0C /* SearchBarView.swift */ = {isa = PBXFileReference; lastKnownFileType = sourcecode.swift; path = SearchBarView.swift; sourceTree = "<group>"; };
		2663C7A82C56A249002EFD0C /* HomeViewModel.swift */ = {isa = PBXFileReference; lastKnownFileType = sourcecode.swift; path = HomeViewModel.swift; sourceTree = "<group>"; };
		2663C7AA2C56A257002EFD0C /* Model.swift */ = {isa = PBXFileReference; lastKnownFileType = sourcecode.swift; path = Model.swift; sourceTree = "<group>"; };
		26742C1A2C668A5000668D86 /* TestEq.swift */ = {isa = PBXFileReference; lastKnownFileType = sourcecode.swift; path = TestEq.swift; sourceTree = "<group>"; };
		268696632C57DC330075E9DC /* StationPopularView.swift */ = {isa = PBXFileReference; lastKnownFileType = sourcecode.swift; path = StationPopularView.swift; sourceTree = "<group>"; };
		268696652C57E0320075E9DC /* VoteView.swift */ = {isa = PBXFileReference; lastKnownFileType = sourcecode.swift; path = VoteView.swift; sourceTree = "<group>"; };
		269FCD122C665DB60060FFD8 /* TestRotationView.swift */ = {isa = PBXFileReference; lastKnownFileType = sourcecode.swift; path = TestRotationView.swift; sourceTree = "<group>"; };
		26A737962C5A49490002F1E9 /* PlayButtonView.swift */ = {isa = PBXFileReference; lastKnownFileType = sourcecode.swift; path = PlayButtonView.swift; sourceTree = "<group>"; };
		26A737982C5A4F850002F1E9 /* BackButtonView.swift */ = {isa = PBXFileReference; lastKnownFileType = sourcecode.swift; path = BackButtonView.swift; sourceTree = "<group>"; };
		26A7379A2C5A4FCB0002F1E9 /* ForwardButtonView.swift */ = {isa = PBXFileReference; lastKnownFileType = sourcecode.swift; path = ForwardButtonView.swift; sourceTree = "<group>"; };
		26A7379D2C5A6A670002F1E9 /* SplineView.swift */ = {isa = PBXFileReference; lastKnownFileType = sourcecode.swift; path = SplineView.swift; sourceTree = "<group>"; };
		26D180982C5AA0A300D4EF68 /* PopularView.swift */ = {isa = PBXFileReference; lastKnownFileType = sourcecode.swift; path = PopularView.swift; sourceTree = "<group>"; };
		7A1194772C6502BE0050515E /* EqualizerView.swift */ = {isa = PBXFileReference; lastKnownFileType = sourcecode.swift; path = EqualizerView.swift; sourceTree = "<group>"; };
		7A6579FE2C57F34E00FFDBFD /* URLManager.swift */ = {isa = PBXFileReference; lastKnownFileType = sourcecode.swift; path = URLManager.swift; sourceTree = "<group>"; };
		7A67B1532C65F718006EBE13 /* AmplitudeService.swift */ = {isa = PBXFileReference; lastKnownFileType = sourcecode.swift; path = AmplitudeService.swift; sourceTree = "<group>"; };
		7A7A4B2F2C5B51B000CD8794 /* ContentView.swift */ = {isa = PBXFileReference; fileEncoding = 4; lastKnownFileType = sourcecode.swift; path = ContentView.swift; sourceTree = "<group>"; };
		7A7A4B312C5B520600CD8794 /* TabData.swift */ = {isa = PBXFileReference; fileEncoding = 4; lastKnownFileType = sourcecode.swift; path = TabData.swift; sourceTree = "<group>"; };
		7A7A4B352C5B64CD00CD8794 /* FavoritesView.swift */ = {isa = PBXFileReference; lastKnownFileType = sourcecode.swift; path = FavoritesView.swift; sourceTree = "<group>"; };
		7A7A4B372C5B64DE00CD8794 /* AllStationsView.swift */ = {isa = PBXFileReference; lastKnownFileType = sourcecode.swift; path = AllStationsView.swift; sourceTree = "<group>"; };
		7A89B80E2C663A2100B6F76D /* StationDetailsView.swift */ = {isa = PBXFileReference; lastKnownFileType = sourcecode.swift; path = StationDetailsView.swift; sourceTree = "<group>"; };
		7A98A3672C5CCE820049DE5F /* SearchButtonView.swift */ = {isa = PBXFileReference; lastKnownFileType = sourcecode.swift; path = SearchButtonView.swift; sourceTree = "<group>"; };
		7A98A36E2C5CEC720049DE5F /* StationView.swift */ = {isa = PBXFileReference; lastKnownFileType = sourcecode.swift; path = StationView.swift; sourceTree = "<group>"; };
		7AAEB6F52C6330FB004D7424 /* ToolbarName.swift */ = {isa = PBXFileReference; lastKnownFileType = sourcecode.swift; path = ToolbarName.swift; sourceTree = "<group>"; };
		7AAEB6F82C638482004D7424 /* ToolbarProfile.swift */ = {isa = PBXFileReference; lastKnownFileType = sourcecode.swift; path = ToolbarProfile.swift; sourceTree = "<group>"; };
		E133D7D32C6345BE00BA4E84 /* String + Extension.swift */ = {isa = PBXFileReference; fileEncoding = 4; lastKnownFileType = sourcecode.swift; path = "String + Extension.swift"; sourceTree = "<group>"; };
		E133D7E92C6346CB00BA4E84 /* ru */ = {isa = PBXFileReference; lastKnownFileType = text.plist.strings; name = ru; path = RadioApp/ru.lproj/Localizable.strings; sourceTree = "<group>"; };
		E14AA7852C5E234800BAC1BE /* EditPhotoButttonView.swift */ = {isa = PBXFileReference; lastKnownFileType = sourcecode.swift; path = EditPhotoButttonView.swift; sourceTree = "<group>"; };
		E14AA7872C5E7A2900BAC1BE /* ProfileViewModel.swift */ = {isa = PBXFileReference; fileEncoding = 4; lastKnownFileType = sourcecode.swift; path = ProfileViewModel.swift; sourceTree = "<group>"; };
		E14AA78D2C5FB5AD00BAC1BE /* LanguageElementView.swift */ = {isa = PBXFileReference; lastKnownFileType = sourcecode.swift; path = LanguageElementView.swift; sourceTree = "<group>"; };
		E14AA7952C600FF900BAC1BE /* AboutUsCell.swift */ = {isa = PBXFileReference; lastKnownFileType = sourcecode.swift; path = AboutUsCell.swift; sourceTree = "<group>"; };
		E16EBD542C5CADA50010BF71 /* CustomButton.swift */ = {isa = PBXFileReference; fileEncoding = 4; lastKnownFileType = sourcecode.swift; path = CustomButton.swift; sourceTree = "<group>"; };
		E16EBD562C5CB3F10010BF71 /* Color + Ext.swift */ = {isa = PBXFileReference; fileEncoding = 4; lastKnownFileType = sourcecode.swift; path = "Color + Ext.swift"; sourceTree = "<group>"; };
		E16EBD582C5CB4060010BF71 /* LegalPoliciesView.swift */ = {isa = PBXFileReference; fileEncoding = 4; lastKnownFileType = sourcecode.swift; path = LegalPoliciesView.swift; sourceTree = "<group>"; };
		E16EBD5A2C5CB42A0010BF71 /* RadioAppApp.swift */ = {isa = PBXFileReference; fileEncoding = 4; lastKnownFileType = sourcecode.swift; path = RadioAppApp.swift; sourceTree = "<group>"; };
		E18529D72C5D034800BBE649 /* AnimatedBackgroundView.swift */ = {isa = PBXFileReference; lastKnownFileType = sourcecode.swift; path = AnimatedBackgroundView.swift; sourceTree = "<group>"; };
		E18529DB2C5D08F000BBE649 /* ChangePhotoView.swift */ = {isa = PBXFileReference; lastKnownFileType = sourcecode.swift; path = ChangePhotoView.swift; sourceTree = "<group>"; };
		E18529DE2C5D11AA00BBE649 /* ProfileHeaderView.swift */ = {isa = PBXFileReference; lastKnownFileType = sourcecode.swift; path = ProfileHeaderView.swift; sourceTree = "<group>"; };
		E18529E02C5D30F800BBE649 /* ImagePicker.swift */ = {isa = PBXFileReference; lastKnownFileType = sourcecode.swift; path = ImagePicker.swift; sourceTree = "<group>"; };
		E1B9E4CB2C69231B00793E88 /* CoreDataService.swift */ = {isa = PBXFileReference; lastKnownFileType = sourcecode.swift; path = CoreDataService.swift; sourceTree = "<group>"; };
		E1C8A2B52C69EB9900DF542B /* FavoritesComponentView.swift */ = {isa = PBXFileReference; fileEncoding = 4; lastKnownFileType = sourcecode.swift; path = FavoritesComponentView.swift; sourceTree = "<group>"; };
		E1E497D92C56D14F0099440D /* Resources.swift */ = {isa = PBXFileReference; lastKnownFileType = sourcecode.swift; path = Resources.swift; sourceTree = "<group>"; };
		E1E497E52C56D5380099440D /* NetworkService.swift */ = {isa = PBXFileReference; fileEncoding = 4; lastKnownFileType = sourcecode.swift; path = NetworkService.swift; sourceTree = "<group>"; };
		E1E497EA2C56D8500099440D /* DS.swift */ = {isa = PBXFileReference; lastKnownFileType = sourcecode.swift; path = DS.swift; sourceTree = "<group>"; };
		E1E497F62C56E6230099440D /* SF-Pro-Display-Medium.otf */ = {isa = PBXFileReference; lastKnownFileType = file; path = "SF-Pro-Display-Medium.otf"; sourceTree = "<group>"; };
		E1E497F72C56E6230099440D /* SF-Pro-Display-Regular.otf */ = {isa = PBXFileReference; lastKnownFileType = file; path = "SF-Pro-Display-Regular.otf"; sourceTree = "<group>"; };
		E1E497F82C56E6230099440D /* SF-Pro-Display-Bold.otf */ = {isa = PBXFileReference; lastKnownFileType = file; path = "SF-Pro-Display-Bold.otf"; sourceTree = "<group>"; };
		E1E497F92C56E6230099440D /* SF-Pro-Display-Semibold.otf */ = {isa = PBXFileReference; lastKnownFileType = file; path = "SF-Pro-Display-Semibold.otf"; sourceTree = "<group>"; };
		E1E497FF2C56E6CF0099440D /* Info.plist */ = {isa = PBXFileReference; lastKnownFileType = text.plist.xml; path = Info.plist; sourceTree = "<group>"; };
		E1E498002C56EC900099440D /* Font + Ext.swift */ = {isa = PBXFileReference; lastKnownFileType = sourcecode.swift; path = "Font + Ext.swift"; sourceTree = "<group>"; };
		E1E498052C58D3DF0099440D /* SettingView.swift */ = {isa = PBXFileReference; lastKnownFileType = sourcecode.swift; path = SettingView.swift; sourceTree = "<group>"; };
		E1E498072C58D60F0099440D /* ProfileInfoView.swift */ = {isa = PBXFileReference; lastKnownFileType = sourcecode.swift; path = ProfileInfoView.swift; sourceTree = "<group>"; };
		E1E498092C5983450099440D /* SettingsButton.swift */ = {isa = PBXFileReference; lastKnownFileType = sourcecode.swift; path = SettingsButton.swift; sourceTree = "<group>"; };
		E1E4980B2C5A10560099440D /* ChevronCyrcleView.swift */ = {isa = PBXFileReference; lastKnownFileType = sourcecode.swift; path = ChevronCyrcleView.swift; sourceTree = "<group>"; };
		E1E4980D2C5A58F30099440D /* LanguageView.swift */ = {isa = PBXFileReference; lastKnownFileType = sourcecode.swift; path = LanguageView.swift; sourceTree = "<group>"; };
		E1E4980F2C5AB6590099440D /* AboutUs.swift */ = {isa = PBXFileReference; lastKnownFileType = sourcecode.swift; path = AboutUs.swift; sourceTree = "<group>"; };
		E1E498112C5AB7490099440D /* BackBarButton.swift */ = {isa = PBXFileReference; lastKnownFileType = sourcecode.swift; path = BackBarButton.swift; sourceTree = "<group>"; };
		E1E498132C5BBB500099440D /* CustomTextField.swift */ = {isa = PBXFileReference; lastKnownFileType = sourcecode.swift; path = CustomTextField.swift; sourceTree = "<group>"; };
		E1E87BAD2C63471A0070D855 /* de */ = {isa = PBXFileReference; lastKnownFileType = text.plist.strings; name = de; path = RadioApp/de.lproj/Localizable.strings; sourceTree = "<group>"; };
		E1E87BAE2C6347270070D855 /* it */ = {isa = PBXFileReference; lastKnownFileType = text.plist.strings; name = it; path = RadioApp/it.lproj/Localizable.strings; sourceTree = "<group>"; };
		E1E87BAF2C6347310070D855 /* en */ = {isa = PBXFileReference; lastKnownFileType = text.plist.strings; name = en; path = RadioApp/en.lproj/Localizable.strings; sourceTree = "<group>"; };
		E1E87BB02C640CE10070D855 /* NotificationsView.swift */ = {isa = PBXFileReference; lastKnownFileType = sourcecode.swift; path = NotificationsView.swift; sourceTree = "<group>"; };
		E1E87BB22C64122F0070D855 /* TimeAndDaysPicker.swift */ = {isa = PBXFileReference; lastKnownFileType = sourcecode.swift; path = TimeAndDaysPicker.swift; sourceTree = "<group>"; };
		E1E87BB42C649F450070D855 /* NotificationsService.swift */ = {isa = PBXFileReference; lastKnownFileType = sourcecode.swift; path = NotificationsService.swift; sourceTree = "<group>"; };
		E1E87BBB2C65E7C10070D855 /* LocalizationService.swift */ = {isa = PBXFileReference; fileEncoding = 4; lastKnownFileType = sourcecode.swift; path = LocalizationService.swift; sourceTree = "<group>"; };
		E1E87BC72C68929B0070D855 /* LikeStations.xcdatamodel */ = {isa = PBXFileReference; lastKnownFileType = wrapper.xcdatamodel; path = LikeStations.xcdatamodel; sourceTree = "<group>"; };
		E1E87BCB2C6893440070D855 /* ProfileEditViewModel.swift */ = {isa = PBXFileReference; lastKnownFileType = sourcecode.swift; path = ProfileEditViewModel.swift; sourceTree = "<group>"; };
		E1E87BCD2C6893FB0070D855 /* FIrebaseStorageService.swift */ = {isa = PBXFileReference; lastKnownFileType = sourcecode.swift; path = FIrebaseStorageService.swift; sourceTree = "<group>"; };
		E1E87BCF2C68B4250070D855 /* Button + Extension.swift */ = {isa = PBXFileReference; lastKnownFileType = sourcecode.swift; path = "Button + Extension.swift"; sourceTree = "<group>"; };
		E1E87BD22C68BE850070D855 /* AuthViewModel.swift */ = {isa = PBXFileReference; lastKnownFileType = sourcecode.swift; path = AuthViewModel.swift; sourceTree = "<group>"; };
/* End PBXFileReference section */

/* Begin PBXFrameworksBuildPhase section */
		2663C7772C569E54002EFD0C /* Frameworks */ = {
			isa = PBXFrameworksBuildPhase;
			buildActionMask = 2147483647;
			files = (
				220E86A62C5CE34D00F8B0D6 /* GoogleSignIn in Frameworks */,
				22CA8E962C5953440009952D /* FirebaseDatabase in Frameworks */,
				22CA8E982C59534D0009952D /* FirebaseFirestore in Frameworks */,
				220E86A82C5CE34D00F8B0D6 /* GoogleSignInSwift in Frameworks */,
				E133D7C22C6220B100BA4E84 /* FirebaseStorage in Frameworks */,
				2663C7AE2C56A2B9002EFD0C /* Kingfisher in Frameworks */,
				22CA8E942C59533A0009952D /* FirebaseAuth in Frameworks */,
			);
			runOnlyForDeploymentPostprocessing = 0;
		};
/* End PBXFrameworksBuildPhase section */

/* Begin PBXGroup section */
		220E86AB2C5D2DF600F8B0D6 /* Onboarding */ = {
			isa = PBXGroup;
			children = (
				222DC9702C5D90B7005DD0B2 /* Components */,
				2663C77F2C569E54002EFD0C /* WelcomeView.swift */,
			);
			path = Onboarding;
			sourceTree = "<group>";
		};
		222DC9702C5D90B7005DD0B2 /* Components */ = {
			isa = PBXGroup;
			children = (
				223406752C5DF7C200C701A3 /* WelcomeBackgroundView.swift */,
			);
			path = Components;
			sourceTree = "<group>";
		};
		2277BB482C5E8A7600317DD2 /* SubVIews */ = {
			isa = PBXGroup;
			children = (
				2277BB492C5F2D0E00317DD2 /* ForgotPassOneView.swift */,
				2277BB4B2C5F2D5700317DD2 /* ForgotPassTwoView.swift */,
			);
			path = SubVIews;
			sourceTree = "<group>";
		};
		22891AC32C5B5EF700DE33E6 /* FirebaseServices */ = {
			isa = PBXGroup;
			children = (
				22891AC42C5B5F5F00DE33E6 /* AuthService.swift */,
				E1E87BCD2C6893FB0070D855 /* FIrebaseStorageService.swift */,
			);
			path = FirebaseServices;
			sourceTree = "<group>";
		};
		2663C7712C569E54002EFD0C = {
			isa = PBXGroup;
			children = (
				E133D7E82C6346CB00BA4E84 /* Localizable.strings */,
				2663C77C2C569E54002EFD0C /* RadioApp */,
				2663C77B2C569E54002EFD0C /* Products */,
				E14AA7912C600C2300BAC1BE /* Recovered References */,
				E133D7C02C6220B100BA4E84 /* Frameworks */,
			);
			sourceTree = "<group>";
		};
		2663C77B2C569E54002EFD0C /* Products */ = {
			isa = PBXGroup;
			children = (
				2663C77A2C569E54002EFD0C /* RadioApp.app */,
			);
			name = Products;
			sourceTree = "<group>";
		};
		2663C77C2C569E54002EFD0C /* RadioApp */ = {
			isa = PBXGroup;
			children = (
				220E86A02C5CB98800F8B0D6 /* GoogleService-Info.plist */,
				220E86A22C5CD94B00F8B0D6 /* AppDelegate.swift */,
				2663C78B2C569EB6002EFD0C /* App */,
				2663C7912C569F89002EFD0C /* Models */,
				E1E497E32C56D4DF0099440D /* Services */,
				2663C78C2C569ED5002EFD0C /* Flows */,
				2663C78D2C569EE8002EFD0C /* Components */,
				E1E497E82C56D7500099440D /* Extensions */,
				E1E497D82C56D0C70099440D /* Resources */,
				2663C7832C569E55002EFD0C /* Preview Content */,
			);
			path = RadioApp;
			sourceTree = "<group>";
		};
		2663C7832C569E55002EFD0C /* Preview Content */ = {
			isa = PBXGroup;
			children = (
				2663C7842C569E55002EFD0C /* Preview Assets.xcassets */,
			);
			path = "Preview Content";
			sourceTree = "<group>";
		};
		2663C78B2C569EB6002EFD0C /* App */ = {
			isa = PBXGroup;
			children = (
				E16EBD5A2C5CB42A0010BF71 /* RadioAppApp.swift */,
				7A7A4B2F2C5B51B000CD8794 /* ContentView.swift */,
			);
			path = App;
			sourceTree = "<group>";
		};
		2663C78C2C569ED5002EFD0C /* Flows */ = {
			isa = PBXGroup;
			children = (
				220E86AB2C5D2DF600F8B0D6 /* Onboarding */,
				7A7A4B342C5B63F900CD8794 /* Home */,
				2663C7922C569FA4002EFD0C /* Autorization */,
				2663C7932C56A009002EFD0C /* ProfileFlow */,
			);
			path = Flows;
			sourceTree = "<group>";
		};
		2663C78D2C569EE8002EFD0C /* Components */ = {
			isa = PBXGroup;
			children = (
				7A7A4B322C5B520600CD8794 /* TabBar */,
				E16EBD542C5CADA50010BF71 /* CustomButton.swift */,
				E1E498132C5BBB500099440D /* CustomTextField.swift */,
				269FCD122C665DB60060FFD8 /* TestRotationView.swift */,
				2663C7A42C56A1F2002EFD0C /* VolumeView.swift */,
				268696652C57E0320075E9DC /* VoteView.swift */,
				26A7379D2C5A6A670002F1E9 /* SplineView.swift */,
				E1E498112C5AB7490099440D /* BackBarButton.swift */,
				E18529D72C5D034800BBE649 /* AnimatedBackgroundView.swift */,
			);
			path = Components;
			sourceTree = "<group>";
		};
		2663C7912C569F89002EFD0C /* Models */ = {
			isa = PBXGroup;
			children = (
				2663C7AA2C56A257002EFD0C /* Model.swift */,
			);
			path = Models;
			sourceTree = "<group>";
		};
		2663C7922C569FA4002EFD0C /* Autorization */ = {
			isa = PBXGroup;
			children = (
				E1E87BD12C68BE5A0070D855 /* Components */,
				2277BB482C5E8A7600317DD2 /* SubVIews */,
				2663C79A2C56A09B002EFD0C /* SignInView.swift */,
				2663C79C2C56A0AB002EFD0C /* SignUpView.swift */,
				E1E87BD22C68BE850070D855 /* AuthViewModel.swift */,
			);
			path = Autorization;
			sourceTree = "<group>";
		};
		2663C7932C56A009002EFD0C /* ProfileFlow */ = {
			isa = PBXGroup;
			children = (
				E1E87BC92C68930B0070D855 /* ProfileScreen */,
				E1E87BCA2C6893200070D855 /* ProfileEditScreen */,
				E1E497EC2C56DD410099440D /* SubViews */,
				E1E498022C57EE4C0099440D /* Components */,
			);
			path = ProfileFlow;
			sourceTree = "<group>";
		};
		26A7379C2C5A50AE0002F1E9 /* PlayerMenu */ = {
			isa = PBXGroup;
			children = (
				26A737962C5A49490002F1E9 /* PlayButtonView.swift */,
				26A737982C5A4F850002F1E9 /* BackButtonView.swift */,
				26A7379A2C5A4FCB0002F1E9 /* ForwardButtonView.swift */,
			);
			path = PlayerMenu;
			sourceTree = "<group>";
		};
		7A1194762C6502A60050515E /* Equalizer */ = {
			isa = PBXGroup;
			children = (
				7A1194772C6502BE0050515E /* EqualizerView.swift */,
				26742C1A2C668A5000668D86 /* TestEq.swift */,
			);
			path = Equalizer;
			sourceTree = "<group>";
		};
		7A7A4B322C5B520600CD8794 /* TabBar */ = {
			isa = PBXGroup;
			children = (
				2663C7A02C56A10E002EFD0C /* CustomTabBarView.swift */,
				7A7A4B312C5B520600CD8794 /* TabData.swift */,
			);
			path = TabBar;
			sourceTree = "<group>";
		};
		7A7A4B342C5B63F900CD8794 /* Home */ = {
			isa = PBXGroup;
			children = (
				E1C8A2B72C69EBA600DF542B /* SubViews */,
				26D180982C5AA0A300D4EF68 /* PopularView.swift */,
				7A7A4B352C5B64CD00CD8794 /* FavoritesView.swift */,
				7A7A4B372C5B64DE00CD8794 /* AllStationsView.swift */,
				7A89B80E2C663A2100B6F76D /* StationDetailsView.swift */,
				2663C7A82C56A249002EFD0C /* HomeViewModel.swift */,
			);
			path = Home;
			sourceTree = "<group>";
		};
		7A98A36D2C5CEBE10049DE5F /* AllStationsView */ = {
			isa = PBXGroup;
			children = (
				2663C7A62C56A212002EFD0C /* SearchBarView.swift */,
				7A98A3672C5CCE820049DE5F /* SearchButtonView.swift */,
				7A98A36E2C5CEC720049DE5F /* StationView.swift */,
			);
			path = AllStationsView;
			sourceTree = "<group>";
		};
		7AAEB6F72C63312E004D7424 /* Toolbar */ = {
			isa = PBXGroup;
			children = (
				7AAEB6F52C6330FB004D7424 /* ToolbarName.swift */,
				7AAEB6F82C638482004D7424 /* ToolbarProfile.swift */,
			);
			path = Toolbar;
			sourceTree = "<group>";
		};
		7AAEB6FA2C638F96004D7424 /* PopularView */ = {
			isa = PBXGroup;
			children = (
				268696632C57DC330075E9DC /* StationPopularView.swift */,
			);
			path = PopularView;
			sourceTree = "<group>";
		};
		E133D7C02C6220B100BA4E84 /* Frameworks */ = {
			isa = PBXGroup;
			children = (
			);
			name = Frameworks;
			sourceTree = "<group>";
		};
		E14AA7912C600C2300BAC1BE /* Recovered References */ = {
			isa = PBXGroup;
			children = (
			);
			name = "Recovered References";
			sourceTree = "<group>";
		};
		E1C8A2B42C69EB7600DF542B /* FavoritesView */ = {
			isa = PBXGroup;
			children = (
				E1C8A2B52C69EB9900DF542B /* FavoritesComponentView.swift */,
			);
			path = FavoritesView;
			sourceTree = "<group>";
		};
		E1C8A2B72C69EBA600DF542B /* SubViews */ = {
			isa = PBXGroup;
			children = (
				7A98A36D2C5CEBE10049DE5F /* AllStationsView */,
				7AAEB6FA2C638F96004D7424 /* PopularView */,
				7AAEB6F72C63312E004D7424 /* Toolbar */,
				E1C8A2B42C69EB7600DF542B /* FavoritesView */,
				7A1194762C6502A60050515E /* Equalizer */,
				26A7379C2C5A50AE0002F1E9 /* PlayerMenu */,
			);
			path = SubViews;
			sourceTree = "<group>";
		};
		E1C8A2B82C69EC7500DF542B /* CoreDataService */ = {
			isa = PBXGroup;
			children = (
				E1B9E4CB2C69231B00793E88 /* CoreDataService.swift */,
				E1E87BC62C68929B0070D855 /* LikeStations.xcdatamodeld */,
			);
			path = CoreDataService;
			sourceTree = "<group>";
		};
		E1E497D82C56D0C70099440D /* Resources */ = {
			isa = PBXGroup;
			children = (
				E1E497DB2C56D1B40099440D /* DesignSystem */,
				E1E497FF2C56E6CF0099440D /* Info.plist */,
				2663C7812C569E55002EFD0C /* Assets.xcassets */,
			);
			path = Resources;
			sourceTree = "<group>";
		};
		E1E497DB2C56D1B40099440D /* DesignSystem */ = {
			isa = PBXGroup;
			children = (
				E1E497EF2C56E37F0099440D /* Fonts */,
				E1E497D92C56D14F0099440D /* Resources.swift */,
				E1E497EA2C56D8500099440D /* DS.swift */,
			);
			path = DesignSystem;
			sourceTree = "<group>";
		};
		E1E497E32C56D4DF0099440D /* Services */ = {
			isa = PBXGroup;
			children = (
				22891AC32C5B5EF700DE33E6 /* FirebaseServices */,
				E1E497E42C56D4F70099440D /* NetworkService */,
				E1C8A2B82C69EC7500DF542B /* CoreDataService */,
				E1E87BB42C649F450070D855 /* NotificationsService.swift */,
				E1E87BBB2C65E7C10070D855 /* LocalizationService.swift */,
				7A67B1532C65F718006EBE13 /* AmplitudeService.swift */,
			);
			path = Services;
			sourceTree = "<group>";
		};
		E1E497E42C56D4F70099440D /* NetworkService */ = {
			isa = PBXGroup;
			children = (
				E1E497E52C56D5380099440D /* NetworkService.swift */,
				7A6579FE2C57F34E00FFDBFD /* URLManager.swift */,
			);
			path = NetworkService;
			sourceTree = "<group>";
		};
		E1E497E82C56D7500099440D /* Extensions */ = {
			isa = PBXGroup;
			children = (
				E133D7D32C6345BE00BA4E84 /* String + Extension.swift */,
				E16EBD562C5CB3F10010BF71 /* Color + Ext.swift */,
				E1E498002C56EC900099440D /* Font + Ext.swift */,
				E1E87BCF2C68B4250070D855 /* Button + Extension.swift */,
			);
			path = Extensions;
			sourceTree = "<group>";
		};
		E1E497EC2C56DD410099440D /* SubViews */ = {
			isa = PBXGroup;
			children = (
				E16EBD582C5CB4060010BF71 /* LegalPoliciesView.swift */,
				E1E4980D2C5A58F30099440D /* LanguageView.swift */,
				E1E4980F2C5AB6590099440D /* AboutUs.swift */,
				E1E87BB02C640CE10070D855 /* NotificationsView.swift */,
			);
			path = SubViews;
			sourceTree = "<group>";
		};
		E1E497EF2C56E37F0099440D /* Fonts */ = {
			isa = PBXGroup;
			children = (
				E1E497F82C56E6230099440D /* SF-Pro-Display-Bold.otf */,
				E1E497F62C56E6230099440D /* SF-Pro-Display-Medium.otf */,
				E1E497F72C56E6230099440D /* SF-Pro-Display-Regular.otf */,
				E1E497F92C56E6230099440D /* SF-Pro-Display-Semibold.otf */,
			);
			path = Fonts;
			sourceTree = "<group>";
		};
		E1E498022C57EE4C0099440D /* Components */ = {
			isa = PBXGroup;
			children = (
				E1E87BB22C64122F0070D855 /* TimeAndDaysPicker.swift */,
				E1E498052C58D3DF0099440D /* SettingView.swift */,
				E18529E02C5D30F800BBE649 /* ImagePicker.swift */,
				E18529DB2C5D08F000BBE649 /* ChangePhotoView.swift */,
				E1E498072C58D60F0099440D /* ProfileInfoView.swift */,
				E1E498092C5983450099440D /* SettingsButton.swift */,
				E1E4980B2C5A10560099440D /* ChevronCyrcleView.swift */,
				E14AA7852C5E234800BAC1BE /* EditPhotoButttonView.swift */,
				E18529DE2C5D11AA00BBE649 /* ProfileHeaderView.swift */,
				E14AA78D2C5FB5AD00BAC1BE /* LanguageElementView.swift */,
				E14AA7952C600FF900BAC1BE /* AboutUsCell.swift */,
			);
			path = Components;
			sourceTree = "<group>";
		};
		E1E87BC92C68930B0070D855 /* ProfileScreen */ = {
			isa = PBXGroup;
			children = (
				2663C7942C56A01F002EFD0C /* ProfileView.swift */,
				E14AA7872C5E7A2900BAC1BE /* ProfileViewModel.swift */,
			);
			path = ProfileScreen;
			sourceTree = "<group>";
		};
		E1E87BCA2C6893200070D855 /* ProfileEditScreen */ = {
			isa = PBXGroup;
			children = (
				2663C7962C56A037002EFD0C /* ProfileEditView.swift */,
				E1E87BCB2C6893440070D855 /* ProfileEditViewModel.swift */,
			);
			path = ProfileEditScreen;
			sourceTree = "<group>";
		};
		E1E87BD12C68BE5A0070D855 /* Components */ = {
			isa = PBXGroup;
			children = (
				2277BB462C5E87E500317DD2 /* AuthBackgroundView.swift */,
			);
			path = Components;
			sourceTree = "<group>";
		};
/* End PBXGroup section */

/* Begin PBXNativeTarget section */
		2663C7792C569E54002EFD0C /* RadioApp */ = {
			isa = PBXNativeTarget;
			buildConfigurationList = 2663C7882C569E55002EFD0C /* Build configuration list for PBXNativeTarget "RadioApp" */;
			buildPhases = (
				2663C7762C569E54002EFD0C /* Sources */,
				2663C7772C569E54002EFD0C /* Frameworks */,
				2663C7782C569E54002EFD0C /* Resources */,
			);
			buildRules = (
			);
			dependencies = (
			);
			name = RadioApp;
			packageProductDependencies = (
				2663C7AD2C56A2B9002EFD0C /* Kingfisher */,
				22CA8E932C59533A0009952D /* FirebaseAuth */,
				22CA8E952C5953440009952D /* FirebaseDatabase */,
				22CA8E972C59534D0009952D /* FirebaseFirestore */,
				220E86A52C5CE34D00F8B0D6 /* GoogleSignIn */,
				220E86A72C5CE34D00F8B0D6 /* GoogleSignInSwift */,
				E133D7C12C6220B100BA4E84 /* FirebaseStorage */,
			);
			productName = RadioApp;
			productReference = 2663C77A2C569E54002EFD0C /* RadioApp.app */;
			productType = "com.apple.product-type.application";
		};
/* End PBXNativeTarget section */

/* Begin PBXProject section */
		2663C7722C569E54002EFD0C /* Project object */ = {
			isa = PBXProject;
			attributes = {
				BuildIndependentTargetsInParallel = 1;
				LastSwiftUpdateCheck = 1530;
				LastUpgradeCheck = 1530;
				TargetAttributes = {
					2663C7792C569E54002EFD0C = {
						CreatedOnToolsVersion = 15.3;
					};
				};
			};
			buildConfigurationList = 2663C7752C569E54002EFD0C /* Build configuration list for PBXProject "RadioApp" */;
			compatibilityVersion = "Xcode 13.0";
			developmentRegion = en;
			hasScannedForEncodings = 0;
			knownRegions = (
				en,
				Base,
				de,
				ru,
				ja,
				it,
			);
			mainGroup = 2663C7712C569E54002EFD0C;
			packageReferences = (
				2663C7AC2C56A2B9002EFD0C /* XCRemoteSwiftPackageReference "Kingfisher" */,
				2663C7AF2C56A337002EFD0C /* XCRemoteSwiftPackageReference "firebase-ios-sdk" */,
				220E86A42C5CE34D00F8B0D6 /* XCRemoteSwiftPackageReference "GoogleSignIn-iOS" */,
			);
			productRefGroup = 2663C77B2C569E54002EFD0C /* Products */;
			projectDirPath = "";
			projectRoot = "";
			targets = (
				2663C7792C569E54002EFD0C /* RadioApp */,
			);
		};
/* End PBXProject section */

/* Begin PBXResourcesBuildPhase section */
		2663C7782C569E54002EFD0C /* Resources */ = {
			isa = PBXResourcesBuildPhase;
			buildActionMask = 2147483647;
			files = (
				E1E497FB2C56E6230099440D /* SF-Pro-Display-Medium.otf in Resources */,
				2663C7852C569E55002EFD0C /* Preview Assets.xcassets in Resources */,
				E1E497FD2C56E6230099440D /* SF-Pro-Display-Bold.otf in Resources */,
				E1E497FE2C56E6230099440D /* SF-Pro-Display-Semibold.otf in Resources */,
				E133D7EA2C6346CB00BA4E84 /* Localizable.strings in Resources */,
				2663C7822C569E55002EFD0C /* Assets.xcassets in Resources */,
				E1E497FC2C56E6230099440D /* SF-Pro-Display-Regular.otf in Resources */,
				220E86A12C5CB98900F8B0D6 /* GoogleService-Info.plist in Resources */,
			);
			runOnlyForDeploymentPostprocessing = 0;
		};
/* End PBXResourcesBuildPhase section */

/* Begin PBXSourcesBuildPhase section */
		2663C7762C569E54002EFD0C /* Sources */ = {
			isa = PBXSourcesBuildPhase;
			buildActionMask = 2147483647;
			files = (
				269FCD132C665DB60060FFD8 /* TestRotationView.swift in Sources */,
				E18529E12C5D30F800BBE649 /* ImagePicker.swift in Sources */,
				E1E87BD02C68B4250070D855 /* Button + Extension.swift in Sources */,
				26A7379E2C5A6A670002F1E9 /* SplineView.swift in Sources */,
				26A737992C5A4F850002F1E9 /* BackButtonView.swift in Sources */,
				E1E87BB32C64122F0070D855 /* TimeAndDaysPicker.swift in Sources */,
				2277BB472C5E881700317DD2 /* AuthBackgroundView.swift in Sources */,
				E18529D82C5D034800BBE649 /* AnimatedBackgroundView.swift in Sources */,
				E1E498142C5BBB500099440D /* CustomTextField.swift in Sources */,
				7A98A36F2C5CEC720049DE5F /* StationView.swift in Sources */,
				E1E4980E2C5A58F30099440D /* LanguageView.swift in Sources */,
				268696662C57E0320075E9DC /* VoteView.swift in Sources */,
				E1E4980C2C5A10560099440D /* ChevronCyrcleView.swift in Sources */,
				2663C7A12C56A10E002EFD0C /* CustomTabBarView.swift in Sources */,
				26A7379B2C5A4FCB0002F1E9 /* ForwardButtonView.swift in Sources */,
				E18529DF2C5D11AA00BBE649 /* ProfileHeaderView.swift in Sources */,
				E1E497EB2C56D8500099440D /* DS.swift in Sources */,
				7A7A4B332C5B520600CD8794 /* TabData.swift in Sources */,
				2663C79B2C56A09B002EFD0C /* SignInView.swift in Sources */,
				7A89B80C2C66368600B6F76D /* (null) in Sources */,
				E14AA7862C5E234800BAC1BE /* EditPhotoButttonView.swift in Sources */,
				E133D7D42C6345BE00BA4E84 /* String + Extension.swift in Sources */,
				268696642C57DC330075E9DC /* StationPopularView.swift in Sources */,
				22891AC52C5B5F5F00DE33E6 /* AuthService.swift in Sources */,
				E1E497DA2C56D14F0099440D /* Resources.swift in Sources */,
				7A1194752C64F49A0050515E /* (null) in Sources */,
				2663C7802C569E54002EFD0C /* WelcomeView.swift in Sources */,
				7A98A3682C5CCE820049DE5F /* SearchButtonView.swift in Sources */,
				7AAEB6F62C6330FB004D7424 /* ToolbarName.swift in Sources */,
				E1E87BC82C68929B0070D855 /* LikeStations.xcdatamodeld in Sources */,
				E1E497E62C56D5380099440D /* NetworkService.swift in Sources */,
				E1B9E4CC2C69231B00793E88 /* CoreDataService.swift in Sources */,
				2663C7A72C56A212002EFD0C /* SearchBarView.swift in Sources */,
				7AAEB6F92C638482004D7424 /* ToolbarProfile.swift in Sources */,
				2277BB4A2C5F2D0E00317DD2 /* ForgotPassOneView.swift in Sources */,
				223406762C5DF7C200C701A3 /* WelcomeBackgroundView.swift in Sources */,
				2663C7A52C56A1F2002EFD0C /* VolumeView.swift in Sources */,
				E14AA7962C600FF900BAC1BE /* AboutUsCell.swift in Sources */,
				220E86A32C5CD94B00F8B0D6 /* AppDelegate.swift in Sources */,
				7A67B1542C65F718006EBE13 /* AmplitudeService.swift in Sources */,
				26D180992C5AA0A300D4EF68 /* PopularView.swift in Sources */,
				7A89B80F2C663A2100B6F76D /* StationDetailsView.swift in Sources */,
				2663C7A92C56A249002EFD0C /* HomeViewModel.swift in Sources */,
				26A737972C5A49490002F1E9 /* PlayButtonView.swift in Sources */,
				E1E87BD32C68BE850070D855 /* AuthViewModel.swift in Sources */,
				E1E87BBC2C65E7C10070D855 /* LocalizationService.swift in Sources */,
				E16EBD5B2C5CB42A0010BF71 /* RadioAppApp.swift in Sources */,
				2663C7AB2C56A257002EFD0C /* Model.swift in Sources */,
				E1C8A2B62C69EB9900DF542B /* FavoritesComponentView.swift in Sources */,
				E16EBD572C5CB3F10010BF71 /* Color + Ext.swift in Sources */,
				7A7A4B382C5B64DE00CD8794 /* AllStationsView.swift in Sources */,
				E1E87BCC2C6893440070D855 /* ProfileEditViewModel.swift in Sources */,
				2663C7952C56A01F002EFD0C /* ProfileView.swift in Sources */,
				E1E87BB52C649F450070D855 /* NotificationsService.swift in Sources */,
				7A1194782C6502BE0050515E /* EqualizerView.swift in Sources */,
				E1E498012C56EC900099440D /* Font + Ext.swift in Sources */,
				E1E87BCE2C6893FB0070D855 /* FIrebaseStorageService.swift in Sources */,
				2663C79D2C56A0AB002EFD0C /* SignUpView.swift in Sources */,
				26742C1B2C668A5000668D86 /* TestEq.swift in Sources */,
				2277BB4C2C5F2D5700317DD2 /* ForgotPassTwoView.swift in Sources */,
				E1E87BB12C640CE10070D855 /* NotificationsView.swift in Sources */,
				E1E498082C58D60F0099440D /* ProfileInfoView.swift in Sources */,
				E14AA78E2C5FB5AD00BAC1BE /* LanguageElementView.swift in Sources */,
				2663C7972C56A037002EFD0C /* ProfileEditView.swift in Sources */,
				7A7A4B302C5B51B000CD8794 /* ContentView.swift in Sources */,
				7A7A4B362C5B64CD00CD8794 /* FavoritesView.swift in Sources */,
				E1E498102C5AB6590099440D /* AboutUs.swift in Sources */,
				E16EBD592C5CB4060010BF71 /* LegalPoliciesView.swift in Sources */,
				E14AA7882C5E7A2A00BAC1BE /* ProfileViewModel.swift in Sources */,
				E1E498122C5AB7490099440D /* BackBarButton.swift in Sources */,
				7A6579FF2C57F34E00FFDBFD /* URLManager.swift in Sources */,
				E1E4980A2C5983450099440D /* SettingsButton.swift in Sources */,
				E16EBD552C5CADA50010BF71 /* CustomButton.swift in Sources */,
				E18529DC2C5D08F000BBE649 /* ChangePhotoView.swift in Sources */,
				E1E498062C58D3DF0099440D /* SettingView.swift in Sources */,
			);
			runOnlyForDeploymentPostprocessing = 0;
		};
/* End PBXSourcesBuildPhase section */

/* Begin PBXVariantGroup section */
		E133D7E82C6346CB00BA4E84 /* Localizable.strings */ = {
			isa = PBXVariantGroup;
			children = (
				E133D7E92C6346CB00BA4E84 /* ru */,
				E1E87BAD2C63471A0070D855 /* de */,
				E1E87BAE2C6347270070D855 /* it */,
				E1E87BAF2C6347310070D855 /* en */,
			);
			name = Localizable.strings;
			sourceTree = "<group>";
		};
/* End PBXVariantGroup section */

/* Begin XCBuildConfiguration section */
		2663C7862C569E55002EFD0C /* Debug */ = {
			isa = XCBuildConfiguration;
			buildSettings = {
				ALWAYS_SEARCH_USER_PATHS = NO;
				ASSETCATALOG_COMPILER_GENERATE_SWIFT_ASSET_SYMBOL_EXTENSIONS = YES;
				CLANG_ANALYZER_NONNULL = YES;
				CLANG_ANALYZER_NUMBER_OBJECT_CONVERSION = YES_AGGRESSIVE;
				CLANG_CXX_LANGUAGE_STANDARD = "gnu++20";
				CLANG_ENABLE_MODULES = YES;
				CLANG_ENABLE_OBJC_ARC = YES;
				CLANG_ENABLE_OBJC_WEAK = YES;
				CLANG_WARN_BLOCK_CAPTURE_AUTORELEASING = YES;
				CLANG_WARN_BOOL_CONVERSION = YES;
				CLANG_WARN_COMMA = YES;
				CLANG_WARN_CONSTANT_CONVERSION = YES;
				CLANG_WARN_DEPRECATED_OBJC_IMPLEMENTATIONS = YES;
				CLANG_WARN_DIRECT_OBJC_ISA_USAGE = YES_ERROR;
				CLANG_WARN_DOCUMENTATION_COMMENTS = YES;
				CLANG_WARN_EMPTY_BODY = YES;
				CLANG_WARN_ENUM_CONVERSION = YES;
				CLANG_WARN_INFINITE_RECURSION = YES;
				CLANG_WARN_INT_CONVERSION = YES;
				CLANG_WARN_NON_LITERAL_NULL_CONVERSION = YES;
				CLANG_WARN_OBJC_IMPLICIT_RETAIN_SELF = YES;
				CLANG_WARN_OBJC_LITERAL_CONVERSION = YES;
				CLANG_WARN_OBJC_ROOT_CLASS = YES_ERROR;
				CLANG_WARN_QUOTED_INCLUDE_IN_FRAMEWORK_HEADER = YES;
				CLANG_WARN_RANGE_LOOP_ANALYSIS = YES;
				CLANG_WARN_STRICT_PROTOTYPES = YES;
				CLANG_WARN_SUSPICIOUS_MOVE = YES;
				CLANG_WARN_UNGUARDED_AVAILABILITY = YES_AGGRESSIVE;
				CLANG_WARN_UNREACHABLE_CODE = YES;
				CLANG_WARN__DUPLICATE_METHOD_MATCH = YES;
				COPY_PHASE_STRIP = NO;
				DEBUG_INFORMATION_FORMAT = dwarf;
				ENABLE_STRICT_OBJC_MSGSEND = YES;
				ENABLE_TESTABILITY = YES;
				ENABLE_USER_SCRIPT_SANDBOXING = YES;
				GCC_C_LANGUAGE_STANDARD = gnu17;
				GCC_DYNAMIC_NO_PIC = NO;
				GCC_NO_COMMON_BLOCKS = YES;
				GCC_OPTIMIZATION_LEVEL = 0;
				GCC_PREPROCESSOR_DEFINITIONS = (
					"DEBUG=1",
					"$(inherited)",
				);
				GCC_WARN_64_TO_32_BIT_CONVERSION = YES;
				GCC_WARN_ABOUT_RETURN_TYPE = YES_ERROR;
				GCC_WARN_UNDECLARED_SELECTOR = YES;
				GCC_WARN_UNINITIALIZED_AUTOS = YES_AGGRESSIVE;
				GCC_WARN_UNUSED_FUNCTION = YES;
				GCC_WARN_UNUSED_VARIABLE = YES;
				IPHONEOS_DEPLOYMENT_TARGET = 17.4;
				LOCALIZATION_PREFERS_STRING_CATALOGS = YES;
				MTL_ENABLE_DEBUG_INFO = INCLUDE_SOURCE;
				MTL_FAST_MATH = YES;
				ONLY_ACTIVE_ARCH = YES;
				SDKROOT = iphoneos;
				SWIFT_ACTIVE_COMPILATION_CONDITIONS = "DEBUG $(inherited)";
				SWIFT_OPTIMIZATION_LEVEL = "-Onone";
			};
			name = Debug;
		};
		2663C7872C569E55002EFD0C /* Release */ = {
			isa = XCBuildConfiguration;
			buildSettings = {
				ALWAYS_SEARCH_USER_PATHS = NO;
				ASSETCATALOG_COMPILER_GENERATE_SWIFT_ASSET_SYMBOL_EXTENSIONS = YES;
				CLANG_ANALYZER_NONNULL = YES;
				CLANG_ANALYZER_NUMBER_OBJECT_CONVERSION = YES_AGGRESSIVE;
				CLANG_CXX_LANGUAGE_STANDARD = "gnu++20";
				CLANG_ENABLE_MODULES = YES;
				CLANG_ENABLE_OBJC_ARC = YES;
				CLANG_ENABLE_OBJC_WEAK = YES;
				CLANG_WARN_BLOCK_CAPTURE_AUTORELEASING = YES;
				CLANG_WARN_BOOL_CONVERSION = YES;
				CLANG_WARN_COMMA = YES;
				CLANG_WARN_CONSTANT_CONVERSION = YES;
				CLANG_WARN_DEPRECATED_OBJC_IMPLEMENTATIONS = YES;
				CLANG_WARN_DIRECT_OBJC_ISA_USAGE = YES_ERROR;
				CLANG_WARN_DOCUMENTATION_COMMENTS = YES;
				CLANG_WARN_EMPTY_BODY = YES;
				CLANG_WARN_ENUM_CONVERSION = YES;
				CLANG_WARN_INFINITE_RECURSION = YES;
				CLANG_WARN_INT_CONVERSION = YES;
				CLANG_WARN_NON_LITERAL_NULL_CONVERSION = YES;
				CLANG_WARN_OBJC_IMPLICIT_RETAIN_SELF = YES;
				CLANG_WARN_OBJC_LITERAL_CONVERSION = YES;
				CLANG_WARN_OBJC_ROOT_CLASS = YES_ERROR;
				CLANG_WARN_QUOTED_INCLUDE_IN_FRAMEWORK_HEADER = YES;
				CLANG_WARN_RANGE_LOOP_ANALYSIS = YES;
				CLANG_WARN_STRICT_PROTOTYPES = YES;
				CLANG_WARN_SUSPICIOUS_MOVE = YES;
				CLANG_WARN_UNGUARDED_AVAILABILITY = YES_AGGRESSIVE;
				CLANG_WARN_UNREACHABLE_CODE = YES;
				CLANG_WARN__DUPLICATE_METHOD_MATCH = YES;
				COPY_PHASE_STRIP = NO;
				DEBUG_INFORMATION_FORMAT = "dwarf-with-dsym";
				ENABLE_NS_ASSERTIONS = NO;
				ENABLE_STRICT_OBJC_MSGSEND = YES;
				ENABLE_USER_SCRIPT_SANDBOXING = YES;
				GCC_C_LANGUAGE_STANDARD = gnu17;
				GCC_NO_COMMON_BLOCKS = YES;
				GCC_WARN_64_TO_32_BIT_CONVERSION = YES;
				GCC_WARN_ABOUT_RETURN_TYPE = YES_ERROR;
				GCC_WARN_UNDECLARED_SELECTOR = YES;
				GCC_WARN_UNINITIALIZED_AUTOS = YES_AGGRESSIVE;
				GCC_WARN_UNUSED_FUNCTION = YES;
				GCC_WARN_UNUSED_VARIABLE = YES;
				IPHONEOS_DEPLOYMENT_TARGET = 17.4;
				LOCALIZATION_PREFERS_STRING_CATALOGS = YES;
				MTL_ENABLE_DEBUG_INFO = NO;
				MTL_FAST_MATH = YES;
				SDKROOT = iphoneos;
				SWIFT_COMPILATION_MODE = wholemodule;
				VALIDATE_PRODUCT = YES;
			};
			name = Release;
		};
		2663C7892C569E55002EFD0C /* Debug */ = {
			isa = XCBuildConfiguration;
			buildSettings = {
				ASSETCATALOG_COMPILER_APPICON_NAME = AppIcon;
				ASSETCATALOG_COMPILER_GLOBAL_ACCENT_COLOR_NAME = AccentColor;
				CODE_SIGN_STYLE = Automatic;
				CURRENT_PROJECT_VERSION = 1;
				DEVELOPMENT_ASSET_PATHS = "\"RadioApp/Preview Content\"";
				DEVELOPMENT_TEAM = LT54Q8Z33F;
				ENABLE_PREVIEWS = YES;
				GENERATE_INFOPLIST_FILE = YES;
				INFOPLIST_FILE = RadioApp/Resources/Info.plist;
				INFOPLIST_KEY_LSApplicationCategoryType = "";
				INFOPLIST_KEY_NSHumanReadableCopyright = "";
				INFOPLIST_KEY_UIApplicationSceneManifest_Generation = YES;
				INFOPLIST_KEY_UIApplicationSupportsIndirectInputEvents = YES;
				INFOPLIST_KEY_UILaunchScreen_Generation = YES;
				INFOPLIST_KEY_UISupportedInterfaceOrientations = UIInterfaceOrientationPortrait;
				INFOPLIST_KEY_UISupportedInterfaceOrientations_iPad = "UIInterfaceOrientationLandscapeLeft UIInterfaceOrientationLandscapeRight UIInterfaceOrientationPortrait UIInterfaceOrientationPortraitUpsideDown";
				IPHONEOS_DEPLOYMENT_TARGET = 15.0;
				LD_RUNPATH_SEARCH_PATHS = (
					"$(inherited)",
					"@executable_path/Frameworks",
				);
				MARKETING_VERSION = 1.0;
				"OTHER_LDFLAGS[arch=*]" = "-ObjC";
				PRODUCT_BUNDLE_IDENTIFIER = ru.eliseev.dmitry.RadioApp;
				PRODUCT_NAME = "$(TARGET_NAME)";
				SUPPORTED_PLATFORMS = "iphoneos iphonesimulator";
				SUPPORTS_MACCATALYST = NO;
				SUPPORTS_MAC_DESIGNED_FOR_IPHONE_IPAD = NO;
				SUPPORTS_XR_DESIGNED_FOR_IPHONE_IPAD = NO;
				SWIFT_EMIT_LOC_STRINGS = YES;
				SWIFT_VERSION = 5.0;
				TARGETED_DEVICE_FAMILY = 1;
			};
			name = Debug;
		};
		2663C78A2C569E55002EFD0C /* Release */ = {
			isa = XCBuildConfiguration;
			buildSettings = {
				ASSETCATALOG_COMPILER_APPICON_NAME = AppIcon;
				ASSETCATALOG_COMPILER_GLOBAL_ACCENT_COLOR_NAME = AccentColor;
				CODE_SIGN_STYLE = Automatic;
				CURRENT_PROJECT_VERSION = 1;
				DEVELOPMENT_ASSET_PATHS = "\"RadioApp/Preview Content\"";
				DEVELOPMENT_TEAM = LT54Q8Z33F;
				ENABLE_PREVIEWS = YES;
				GENERATE_INFOPLIST_FILE = YES;
				INFOPLIST_FILE = RadioApp/Resources/Info.plist;
				INFOPLIST_KEY_LSApplicationCategoryType = "";
				INFOPLIST_KEY_NSHumanReadableCopyright = "";
				INFOPLIST_KEY_UIApplicationSceneManifest_Generation = YES;
				INFOPLIST_KEY_UIApplicationSupportsIndirectInputEvents = YES;
				INFOPLIST_KEY_UILaunchScreen_Generation = YES;
				INFOPLIST_KEY_UISupportedInterfaceOrientations = UIInterfaceOrientationPortrait;
				INFOPLIST_KEY_UISupportedInterfaceOrientations_iPad = "UIInterfaceOrientationLandscapeLeft UIInterfaceOrientationLandscapeRight UIInterfaceOrientationPortrait UIInterfaceOrientationPortraitUpsideDown";
				IPHONEOS_DEPLOYMENT_TARGET = 15.0;
				LD_RUNPATH_SEARCH_PATHS = (
					"$(inherited)",
					"@executable_path/Frameworks",
				);
				MARKETING_VERSION = 1.0;
				"OTHER_LDFLAGS[arch=*]" = "-ObjC";
				PRODUCT_BUNDLE_IDENTIFIER = ru.eliseev.dmitry.RadioApp;
				PRODUCT_NAME = "$(TARGET_NAME)";
				SUPPORTED_PLATFORMS = "iphoneos iphonesimulator";
				SUPPORTS_MACCATALYST = NO;
				SUPPORTS_MAC_DESIGNED_FOR_IPHONE_IPAD = NO;
				SUPPORTS_XR_DESIGNED_FOR_IPHONE_IPAD = NO;
				SWIFT_EMIT_LOC_STRINGS = YES;
				SWIFT_VERSION = 5.0;
				TARGETED_DEVICE_FAMILY = 1;
			};
			name = Release;
		};
/* End XCBuildConfiguration section */

/* Begin XCConfigurationList section */
		2663C7752C569E54002EFD0C /* Build configuration list for PBXProject "RadioApp" */ = {
			isa = XCConfigurationList;
			buildConfigurations = (
				2663C7862C569E55002EFD0C /* Debug */,
				2663C7872C569E55002EFD0C /* Release */,
			);
			defaultConfigurationIsVisible = 0;
			defaultConfigurationName = Release;
		};
		2663C7882C569E55002EFD0C /* Build configuration list for PBXNativeTarget "RadioApp" */ = {
			isa = XCConfigurationList;
			buildConfigurations = (
				2663C7892C569E55002EFD0C /* Debug */,
				2663C78A2C569E55002EFD0C /* Release */,
			);
			defaultConfigurationIsVisible = 0;
			defaultConfigurationName = Release;
		};
/* End XCConfigurationList section */

/* Begin XCRemoteSwiftPackageReference section */
		220E86A42C5CE34D00F8B0D6 /* XCRemoteSwiftPackageReference "GoogleSignIn-iOS" */ = {
			isa = XCRemoteSwiftPackageReference;
			repositoryURL = "https://github.com/google/GoogleSignIn-iOS";
			requirement = {
				kind = upToNextMajorVersion;
				minimumVersion = 7.1.0;
			};
		};
		2663C7AC2C56A2B9002EFD0C /* XCRemoteSwiftPackageReference "Kingfisher" */ = {
			isa = XCRemoteSwiftPackageReference;
			repositoryURL = "https://github.com/onevcat/Kingfisher.git";
			requirement = {
				kind = upToNextMajorVersion;
				minimumVersion = 7.12.0;
			};
		};
		2663C7AF2C56A337002EFD0C /* XCRemoteSwiftPackageReference "firebase-ios-sdk" */ = {
			isa = XCRemoteSwiftPackageReference;
			repositoryURL = "https://github.com/firebase/firebase-ios-sdk.git";
			requirement = {
				kind = upToNextMajorVersion;
				minimumVersion = 10.29.0;
			};
		};
/* End XCRemoteSwiftPackageReference section */

/* Begin XCSwiftPackageProductDependency section */
		220E86A52C5CE34D00F8B0D6 /* GoogleSignIn */ = {
			isa = XCSwiftPackageProductDependency;
			package = 220E86A42C5CE34D00F8B0D6 /* XCRemoteSwiftPackageReference "GoogleSignIn-iOS" */;
			productName = GoogleSignIn;
		};
		220E86A72C5CE34D00F8B0D6 /* GoogleSignInSwift */ = {
			isa = XCSwiftPackageProductDependency;
			package = 220E86A42C5CE34D00F8B0D6 /* XCRemoteSwiftPackageReference "GoogleSignIn-iOS" */;
			productName = GoogleSignInSwift;
		};
		22CA8E932C59533A0009952D /* FirebaseAuth */ = {
			isa = XCSwiftPackageProductDependency;
			package = 2663C7AF2C56A337002EFD0C /* XCRemoteSwiftPackageReference "firebase-ios-sdk" */;
			productName = FirebaseAuth;
		};
		22CA8E952C5953440009952D /* FirebaseDatabase */ = {
			isa = XCSwiftPackageProductDependency;
			package = 2663C7AF2C56A337002EFD0C /* XCRemoteSwiftPackageReference "firebase-ios-sdk" */;
			productName = FirebaseDatabase;
		};
		22CA8E972C59534D0009952D /* FirebaseFirestore */ = {
			isa = XCSwiftPackageProductDependency;
			package = 2663C7AF2C56A337002EFD0C /* XCRemoteSwiftPackageReference "firebase-ios-sdk" */;
			productName = FirebaseFirestore;
		};
		2663C7AD2C56A2B9002EFD0C /* Kingfisher */ = {
			isa = XCSwiftPackageProductDependency;
			package = 2663C7AC2C56A2B9002EFD0C /* XCRemoteSwiftPackageReference "Kingfisher" */;
			productName = Kingfisher;
		};
		E133D7C12C6220B100BA4E84 /* FirebaseStorage */ = {
			isa = XCSwiftPackageProductDependency;
			package = 2663C7AF2C56A337002EFD0C /* XCRemoteSwiftPackageReference "firebase-ios-sdk" */;
			productName = FirebaseStorage;
		};
/* End XCSwiftPackageProductDependency section */

/* Begin XCVersionGroup section */
		E1E87BC62C68929B0070D855 /* LikeStations.xcdatamodeld */ = {
			isa = XCVersionGroup;
			children = (
				E1E87BC72C68929B0070D855 /* LikeStations.xcdatamodel */,
			);
			currentVersion = E1E87BC72C68929B0070D855 /* LikeStations.xcdatamodel */;
			path = LikeStations.xcdatamodeld;
			sourceTree = "<group>";
			versionGroupType = wrapper.xcdatamodel;
		};
/* End XCVersionGroup section */
	};
	rootObject = 2663C7722C569E54002EFD0C /* Project object */;
}
